
Microsoft Visual Studio Solution File, Format Version 12.00
# Visual Studio 2013
VisualStudioVersion = 12.0.40629.0
MinimumVisualStudioVersion = 10.0.40219.1
Project("{8BC9CEB8-8B4A-11D0-8D11-00A0C91BC942}") = "ServerComp", "ServerComp.vcxproj", "{02104BB6-1B42-3B5B-AC0D-B101D3762E40}"
EndProject
Global
	GlobalSection(SolutionConfigurationPlatforms) = preSolution
		Debug|Win32 = Debug|Win32
		Release|Win32 = Release|Win32
	EndGlobalSection
	GlobalSection(ProjectConfigurationPlatforms) = postSolution
		{02104BB6-1B42-3B5B-AC0D-B101D3762E40}.Debug|Win32.ActiveCfg = Debug|Win32
		{02104BB6-1B42-3B5B-AC0D-B101D3762E40}.Debug|Win32.Build.0 = Debug|Win32
		{02104BB6-1B42-3B5B-AC0D-B101D3762E40}.Release|Win32.ActiveCfg = Release|Win32
		{02104BB6-1B42-3B5B-AC0D-B101D3762E40}.Release|Win32.Build.0 = Release|Win32
	EndGlobalSection
	GlobalSection(SolutionProperties) = preSolution
		HideSolutionNode = FALSE
	EndGlobalSection
EndGlobal
