<?xml version="1.0" encoding="utf-8"?>
<Project ToolsVersion="4.0" xmlns="http://schemas.microsoft.com/developer/msbuild/2003">
  <ItemGroup>
    <Filter Include="Generated Files">
      <UniqueIdentifier>{71ED8ED8-ACB9-4CE9-BBE1-E00B30144E11}</UniqueIdentifier>
      <Extensions>cpp;c;cxx;moc;h;def;odl;idl;res;</Extensions>
    </Filter>
    <Filter Include="Generated Files">
      <UniqueIdentifier>{71ED8ED8-ACB9-4CE9-BBE1-E00B30144E11}</UniqueIdentifier>
      <Extensions>cpp;c;cxx;moc;h;def;odl;idl;res;</Extensions>
    </Filter>
    <Filter Include="Header Files">
      <UniqueIdentifier>{93995380-89BD-4b04-88EB-625FBE52EBFB}</UniqueIdentifier>
      <Extensions>h;hpp;hxx;hm;inl;inc;xsd</Extensions>
    </Filter>
    <Filter Include="Header Files">
      <UniqueIdentifier>{93995380-89BD-4b04-88EB-625FBE52EBFB}</UniqueIdentifier>
      <Extensions>h;hpp;hxx;hm;inl;inc;xsd</Extensions>
    </Filter>
    <Filter Include="Source Files">
      <UniqueIdentifier>{4FC737F1-C7A5-4376-A066-2A32D752A2FF}</UniqueIdentifier>
      <Extensions>cpp;c;cxx;def;odl;idl;hpj;bat;asm;asmx</Extensions>
    </Filter>
    <Filter Include="Source Files">
      <UniqueIdentifier>{4FC737F1-C7A5-4376-A066-2A32D752A2FF}</UniqueIdentifier>
      <Extensions>cpp;c;cxx;def;odl;idl;hpj;bat;asm;asmx</Extensions>
    </Filter>
  </ItemGroup>
  <ItemGroup>
    <Filter Include="Source Files\sources" />
  </ItemGroup>
  <ItemGroup>
    <ClCompile Include="sources\AccessoriUpTable.cpp">
      <Filter>Source Files\sources</Filter>
    </ClCompile>
  </ItemGroup>
  <ItemGroup>
    <ClCompile Include="sources\AccessoriUpTableSet.cpp">
      <Filter>Source Files\sources</Filter>
    </ClCompile>
  </ItemGroup>
  <ItemGroup>
    <ClCompile Include="sources\AddEventItemTableSet.cpp">
      <Filter>Source Files\sources</Filter>
    </ClCompile>
  </ItemGroup>
  <ItemGroup>
    <ClCompile Include="sources\BoxEventTable.cpp">
      <Filter>Source Files\sources</Filter>
    </ClCompile>
  </ItemGroup>
  <ItemGroup>
    <ClCompile Include="sources\BoxEventTableSet.cpp">
      <Filter>Source Files\sources</Filter>
    </ClCompile>
  </ItemGroup>
  <ItemGroup>
    <ClCompile Include="sources\BufferEx.cpp">
      <Filter>Source Files\sources</Filter>
    </ClCompile>
  </ItemGroup>
  <ItemGroup>
    <ClCompile Include="sources\CBSocket.cpp">
      <Filter>Source Files\sources</Filter>
    </ClCompile>
  </ItemGroup>
  <ItemGroup>
    <ClCompile Include="sources\CELL.cpp">
      <Filter>Source Files\sources</Filter>
    </ClCompile>
  </ItemGroup>
  <ItemGroup>
    <ClCompile Include="sources\COM.cpp">
      <Filter>Source Files\sources</Filter>
    </ClCompile>
  </ItemGroup>
  <ItemGroup>
    <ClCompile Include="sources\CircularBuffer.cpp">
      <Filter>Source Files\sources</Filter>
    </ClCompile>
  </ItemGroup>
  <ItemGroup>
    <ClCompile Include="sources\CityNpcTableSet.cpp">
      <Filter>Source Files\sources</Filter>
    </ClCompile>
  </ItemGroup>
  <ItemGroup>
    <ClCompile Include="sources\Compress.cpp">
      <Filter>Source Files\sources</Filter>
    </ClCompile>
  </ItemGroup>
  <ItemGroup>
    <ClCompile Include="sources\DBItemInfo.cpp">
      <Filter>Source Files\sources</Filter>
    </ClCompile>
  </ItemGroup>
  <ItemGroup>
    <ClCompile Include="sources\DNTable.cpp">
      <Filter>Source Files\sources</Filter>
    </ClCompile>
  </ItemGroup>
  <ItemGroup>
    <ClCompile Include="sources\DNTableSet.cpp">
      <Filter>Source Files\sources</Filter>
    </ClCompile>
  </ItemGroup>
  <ItemGroup>
    <ClCompile Include="sources\DressingSet.cpp">
      <Filter>Source Files\sources</Filter>
    </ClCompile>
  </ItemGroup>
  <ItemGroup>
    <ClCompile Include="sources\EBodyIdentifyTable.cpp">
      <Filter>Source Files\sources</Filter>
    </ClCompile>
  </ItemGroup>
  <ItemGroup>
    <ClCompile Include="sources\EBodyIdentifyTableSet.cpp">
      <Filter>Source Files\sources</Filter>
    </ClCompile>
  </ItemGroup>
  <ItemGroup>
    <ClCompile Include="sources\EBodyStoreSet.cpp">
      <Filter>Source Files\sources</Filter>
    </ClCompile>
  </ItemGroup>
  <ItemGroup>
    <ClCompile Include="sources\EBodyTable.cpp">
      <Filter>Source Files\sources</Filter>
    </ClCompile>
  </ItemGroup>
  <ItemGroup>
    <ClCompile Include="sources\EBodyTableSet.cpp">
      <Filter>Source Files\sources</Filter>
    </ClCompile>
  </ItemGroup>
  <ItemGroup>
    <ClCompile Include="sources\EBodyUpgradeTable.cpp">
      <Filter>Source Files\sources</Filter>
    </ClCompile>
  </ItemGroup>
  <ItemGroup>
    <ClCompile Include="sources\EBodyUpgradeTableSet.cpp">
      <Filter>Source Files\sources</Filter>
    </ClCompile>
  </ItemGroup>
  <ItemGroup>
    <ClCompile Include="sources\EVENT.cpp">
      <Filter>Source Files\sources</Filter>
    </ClCompile>
  </ItemGroup>
  <ItemGroup>
    <ClCompile Include="sources\EVENT_DATA.cpp">
      <Filter>Source Files\sources</Filter>
    </ClCompile>
  </ItemGroup>
  <ItemGroup>
    <ClCompile Include="sources\EXEC.cpp">
      <Filter>Source Files\sources</Filter>
    </ClCompile>
  </ItemGroup>
  <ItemGroup>
    <ClCompile Include="sources\ErrorLog.cpp">
      <Filter>Source Files\sources</Filter>
    </ClCompile>
  </ItemGroup>
  <ItemGroup>
    <ClCompile Include="sources\EventBlockingTable.cpp">
      <Filter>Source Files\sources</Filter>
    </ClCompile>
  </ItemGroup>
  <ItemGroup>
    <ClCompile Include="sources\EventItemNew.cpp">
      <Filter>Source Files\sources</Filter>
    </ClCompile>
  </ItemGroup>
  <ItemGroup>
    <ClCompile Include="sources\EventItemTable.cpp">
      <Filter>Source Files\sources</Filter>
    </ClCompile>
  </ItemGroup>
  <ItemGroup>
    <ClCompile Include="sources\EventItemTableSet.cpp">
      <Filter>Source Files\sources</Filter>
    </ClCompile>
  </ItemGroup>
  <ItemGroup>
    <ClCompile Include="sources\EventZone.cpp">
      <Filter>Source Files\sources</Filter>
    </ClCompile>
  </ItemGroup>
  <ItemGroup>
    <ClCompile Include="sources\Guild.cpp">
      <Filter>Source Files\sources</Filter>
    </ClCompile>
  </ItemGroup>
  <ItemGroup>
    <ClCompile Include="sources\GuildFortress.cpp">
      <Filter>Source Files\sources</Filter>
    </ClCompile>
  </ItemGroup>
  <ItemGroup>
    <ClCompile Include="sources\GuildFortressSet.cpp">
      <Filter>Source Files\sources</Filter>
    </ClCompile>
  </ItemGroup>
  <ItemGroup>
    <ClCompile Include="sources\GuildFortressTaxSet.cpp">
      <Filter>Source Files\sources</Filter>
    </ClCompile>
  </ItemGroup>
  <ItemGroup>
    <ClCompile Include="sources\GuildHouse.cpp">
      <Filter>Source Files\sources</Filter>
    </ClCompile>
  </ItemGroup>
  <ItemGroup>
    <ClCompile Include="sources\GuildHouseRankSet.cpp">
      <Filter>Source Files\sources</Filter>
    </ClCompile>
  </ItemGroup>
  <ItemGroup>
    <ClCompile Include="sources\GuildHouseSet.cpp">
      <Filter>Source Files\sources</Filter>
    </ClCompile>
  </ItemGroup>
  <ItemGroup>
    <ClCompile Include="sources\GuildHouseWar.cpp">
      <Filter>Source Files\sources</Filter>
    </ClCompile>
  </ItemGroup>
  <ItemGroup>
    <ClCompile Include="sources\GuildMapInfoSet.cpp">
      <Filter>Source Files\sources</Filter>
    </ClCompile>
  </ItemGroup>
  <ItemGroup>
    <ClCompile Include="sources\GuildMapInfoTable.cpp">
      <Filter>Source Files\sources</Filter>
    </ClCompile>
  </ItemGroup>
  <ItemGroup>
    <ClCompile Include="sources\GuildStoreSet.cpp">
      <Filter>Source Files\sources</Filter>
    </ClCompile>
  </ItemGroup>
  <ItemGroup>
    <ClCompile Include="sources\GuildStoreTable.cpp">
      <Filter>Source Files\sources</Filter>
    </ClCompile>
  </ItemGroup>
  <ItemGroup>
    <ClCompile Include="sources\GuildUser.cpp">
      <Filter>Source Files\sources</Filter>
    </ClCompile>
  </ItemGroup>
  <ItemGroup>
    <ClCompile Include="sources\Hyper.cpp">
      <Filter>Source Files\sources</Filter>
    </ClCompile>
  </ItemGroup>
  <ItemGroup>
    <ClCompile Include="sources\IOCPBASE.CPP">
      <Filter>Source Files\sources</Filter>
    </ClCompile>
  </ItemGroup>
  <ItemGroup>
    <ClCompile Include="sources\IOCPSocket.cpp">
      <Filter>Source Files\sources</Filter>
    </ClCompile>
  </ItemGroup>
  <ItemGroup>
    <ClCompile Include="sources\InitItemTableSet.cpp">
      <Filter>Source Files\sources</Filter>
    </ClCompile>
  </ItemGroup>
  <ItemGroup>
    <ClCompile Include="sources\Item.cpp">
      <Filter>Source Files\sources</Filter>
    </ClCompile>
  </ItemGroup>
  <ItemGroup>
    <ClCompile Include="sources\ItemTable.cpp">
      <Filter>Source Files\sources</Filter>
    </ClCompile>
  </ItemGroup>
  <ItemGroup>
    <ClCompile Include="sources\ItemTableSet.cpp">
      <Filter>Source Files\sources</Filter>
    </ClCompile>
  </ItemGroup>
  <ItemGroup>
    <ClCompile Include="sources\LOGIC.cpp">
      <Filter>Source Files\sources</Filter>
    </ClCompile>
  </ItemGroup>
  <ItemGroup>
    <ClCompile Include="sources\LOGIC_ELSE.cpp">
      <Filter>Source Files\sources</Filter>
    </ClCompile>
  </ItemGroup>
  <ItemGroup>
    <ClCompile Include="sources\LevelUpTable.cpp">
      <Filter>Source Files\sources</Filter>
    </ClCompile>
  </ItemGroup>
  <ItemGroup>
    <ClCompile Include="sources\LevelUpTableSet.cpp">
      <Filter>Source Files\sources</Filter>
    </ClCompile>
  </ItemGroup>
  <ItemGroup>
    <ClCompile Include="sources\MAP.cpp">
      <Filter>Source Files\sources</Filter>
    </ClCompile>
  </ItemGroup>
  <ItemGroup>
    <ClCompile Include="sources\MagicItemTable.cpp">
      <Filter>Source Files\sources</Filter>
    </ClCompile>
  </ItemGroup>
  <ItemGroup>
    <ClCompile Include="sources\MagicItemTableSet.cpp">
      <Filter>Source Files\sources</Filter>
    </ClCompile>
  </ItemGroup>
  <ItemGroup>
    <ClCompile Include="sources\MechanicStoreSet.cpp">
      <Filter>Source Files\sources</Filter>
    </ClCompile>
  </ItemGroup>
  <ItemGroup>
    <ClCompile Include="sources\MemUser.cpp">
      <Filter>Source Files\sources</Filter>
    </ClCompile>
  </ItemGroup>
  <ItemGroup>
    <ClCompile Include="sources\MonsterPsiSet.cpp">
      <Filter>Source Files\sources</Filter>
    </ClCompile>
  </ItemGroup>
  <ItemGroup>
    <ClCompile Include="sources\MyDB.cpp">
      <Filter>Source Files\sources</Filter>
    </ClCompile>
  </ItemGroup>
  <ItemGroup>
    <ClCompile Include="sources\Npc.cpp">
      <Filter>Source Files\sources</Filter>
    </ClCompile>
  </ItemGroup>
  <ItemGroup>
    <ClCompile Include="sources\NpcChat.cpp">
      <Filter>Source Files\sources</Filter>
    </ClCompile>
  </ItemGroup>
  <ItemGroup>
    <ClCompile Include="sources\NpcChatSet.cpp">
      <Filter>Source Files\sources</Filter>
    </ClCompile>
  </ItemGroup>
  <ItemGroup>
    <ClCompile Include="sources\NpcItem.cpp">
      <Filter>Source Files\sources</Filter>
    </ClCompile>
  </ItemGroup>
  <ItemGroup>
    <ClCompile Include="sources\NpcItemSet.cpp">
      <Filter>Source Files\sources</Filter>
    </ClCompile>
  </ItemGroup>
  <ItemGroup>
    <ClCompile Include="sources\NpcPosSet.cpp">
      <Filter>Source Files\sources</Filter>
    </ClCompile>
  </ItemGroup>
  <ItemGroup>
    <ClCompile Include="sources\NpcSayEventSet.cpp">
      <Filter>Source Files\sources</Filter>
    </ClCompile>
  </ItemGroup>
  <ItemGroup>
    <ClCompile Include="sources\NpcSayTable.cpp">
      <Filter>Source Files\sources</Filter>
    </ClCompile>
  </ItemGroup>
  <ItemGroup>
    <ClCompile Include="sources\NpcTable.cpp">
      <Filter>Source Files\sources</Filter>
    </ClCompile>
  </ItemGroup>
  <ItemGroup>
    <ClCompile Include="sources\NpcTableSet.cpp">
      <Filter>Source Files\sources</Filter>
    </ClCompile>
  </ItemGroup>
  <ItemGroup>
    <ClCompile Include="sources\NpcThread.cpp">
      <Filter>Source Files\sources</Filter>
    </ClCompile>
  </ItemGroup>
  <ItemGroup>
    <ClCompile Include="sources\PAMAExp.cpp">
      <Filter>Source Files\sources</Filter>
    </ClCompile>
  </ItemGroup>
  <ItemGroup>
    <ClCompile Include="sources\PAMAExpSet.cpp">
      <Filter>Source Files\sources</Filter>
    </ClCompile>
  </ItemGroup>
  <ItemGroup>
    <ClCompile Include="sources\Path.cpp">
      <Filter>Source Files\sources</Filter>
    </ClCompile>
  </ItemGroup>
  <ItemGroup>
    <ClCompile Include="sources\PathFind.cpp">
      <Filter>Source Files\sources</Filter>
    </ClCompile>
  </ItemGroup>
  <ItemGroup>
    <ClCompile Include="sources\PoolBase.cpp">
      <Filter>Source Files\sources</Filter>
    </ClCompile>
  </ItemGroup>
  <ItemGroup>
    <ClCompile Include="sources\PsiStoreSet.cpp">
      <Filter>Source Files\sources</Filter>
    </ClCompile>
  </ItemGroup>
  <ItemGroup>
    <ClCompile Include="sources\PsiTable.cpp">
      <Filter>Source Files\sources</Filter>
    </ClCompile>
  </ItemGroup>
  <ItemGroup>
    <ClCompile Include="sources\PsiTableSet.cpp">
      <Filter>Source Files\sources</Filter>
    </ClCompile>
  </ItemGroup>
  <ItemGroup>
    <ClCompile Include="sources\Recover.cpp">
      <Filter>Source Files\sources</Filter>
    </ClCompile>
  </ItemGroup>
  <ItemGroup>
    <ClCompile Include="sources\RecoverRate.cpp">
      <Filter>Source Files\sources</Filter>
    </ClCompile>
  </ItemGroup>
  <ItemGroup>
    <ClCompile Include="sources\RecoverRateSet.cpp">
      <Filter>Source Files\sources</Filter>
    </ClCompile>
  </ItemGroup>
  <ItemGroup>
    <ClCompile Include="sources\RecoverSet.cpp">
      <Filter>Source Files\sources</Filter>
    </ClCompile>
  </ItemGroup>
  <ItemGroup>
    <ClCompile Include="sources\Remodeling02TableSet.cpp">
      <Filter>Source Files\sources</Filter>
    </ClCompile>
  </ItemGroup>
  <ItemGroup>
    <ClCompile Include="sources\Remodeling03TableSet.cpp">
      <Filter>Source Files\sources</Filter>
    </ClCompile>
  </ItemGroup>
  <ItemGroup>
    <ClCompile Include="sources\RemodelingTable.cpp">
      <Filter>Source Files\sources</Filter>
    </ClCompile>
  </ItemGroup>
  <ItemGroup>
    <ClCompile Include="sources\RemodelingTableSet.cpp">
      <Filter>Source Files\sources</Filter>
    </ClCompile>
  </ItemGroup>
  <ItemGroup>
    <ClCompile Include="sources\RoyalRumble.cpp">
      <Filter>Source Files\sources</Filter>
    </ClCompile>
  </ItemGroup>
  <ItemGroup>
    <ClCompile Include="sources\RoyalRumbleUser.cpp">
      <Filter>Source Files\sources</Filter>
    </ClCompile>
  </ItemGroup>
  <ItemGroup>
    <ClCompile Include="sources\SERVERINFO.cpp">
      <Filter>Source Files\sources</Filter>
    </ClCompile>
  </ItemGroup>
  <ItemGroup>
    <ClCompile Include="sources\SResourceArray.cpp">
      <Filter>Source Files\sources</Filter>
    </ClCompile>
  </ItemGroup>
  <ItemGroup>
    <ClCompile Include="sources\SSocket.cpp">
      <Filter>Source Files\sources</Filter>
    </ClCompile>
  </ItemGroup>
  <ItemGroup>
    <ClCompile Include="sources\Search.cpp">
      <Filter>Source Files\sources</Filter>
    </ClCompile>
  </ItemGroup>
  <ItemGroup>
    <ClCompile Include="sources\Server.cpp">
      <Filter>Source Files\sources</Filter>
    </ClCompile>
  </ItemGroup>
  <ItemGroup>
    <ClCompile Include="sources\ServerDlg.cpp">
      <Filter>Source Files\sources</Filter>
    </ClCompile>
  </ItemGroup>
  <ItemGroup>
    <ClCompile Include="sources\ServerDlg2.cpp">
      <Filter>Source Files\sources</Filter>
    </ClCompile>
  </ItemGroup>
  <ItemGroup>
    <ClCompile Include="sources\SharedMemory.cpp">
      <Filter>Source Files\sources</Filter>
    </ClCompile>
  </ItemGroup>
  <ItemGroup>
    <ClCompile Include="sources\SharedQueue.cpp">
      <Filter>Source Files\sources</Filter>
    </ClCompile>
  </ItemGroup>
  <ItemGroup>
    <ClCompile Include="sources\ShopSystem.cpp">
      <Filter>Source Files\sources</Filter>
    </ClCompile>
  </ItemGroup>
  <ItemGroup>
    <ClCompile Include="sources\SkillTable.cpp">
      <Filter>Source Files\sources</Filter>
    </ClCompile>
  </ItemGroup>
  <ItemGroup>
    <ClCompile Include="sources\SkillTableSet.cpp">
      <Filter>Source Files\sources</Filter>
    </ClCompile>
  </ItemGroup>
  <ItemGroup>
    <ClCompile Include="sources\SocketManager.cpp">
      <Filter>Source Files\sources</Filter>
    </ClCompile>
  </ItemGroup>
  <ItemGroup>
    <ClCompile Include="sources\Store.cpp">
      <Filter>Source Files\sources</Filter>
    </ClCompile>
  </ItemGroup>
  <ItemGroup>
    <ClCompile Include="sources\StoreRepairSet.cpp">
      <Filter>Source Files\sources</Filter>
    </ClCompile>
  </ItemGroup>
  <ItemGroup>
    <ClCompile Include="sources\StoreSellSet.cpp">
      <Filter>Source Files\sources</Filter>
    </ClCompile>
  </ItemGroup>
  <ItemGroup>
    <ClCompile Include="sources\StoreSet.cpp">
      <Filter>Source Files\sources</Filter>
    </ClCompile>
  </ItemGroup>
  <ItemGroup>
    <ClCompile Include="sources\SummonTable.cpp">
      <Filter>Source Files\sources</Filter>
    </ClCompile>
  </ItemGroup>
  <ItemGroup>
    <ClCompile Include="sources\TableItem.cpp">
      <Filter>Source Files\sources</Filter>
    </ClCompile>
  </ItemGroup>
  <ItemGroup>
    <ClCompile Include="sources\ThrowItem.cpp">
      <Filter>Source Files\sources</Filter>
    </ClCompile>
  </ItemGroup>
  <ItemGroup>
    <ClCompile Include="sources\TownPotalTableSet.cpp">
      <Filter>Source Files\sources</Filter>
    </ClCompile>
  </ItemGroup>
  <ItemGroup>
    <ClCompile Include="sources\UNI_CHAR.cpp">
      <Filter>Source Files\sources</Filter>
    </ClCompile>
  </ItemGroup>
  <ItemGroup>
    <ClCompile Include="sources\UResourceArray.cpp">
      <Filter>Source Files\sources</Filter>
    </ClCompile>
  </ItemGroup>
  <ItemGroup>
    <ClCompile Include="sources\USER.cpp">
      <Filter>Source Files\sources</Filter>
    </ClCompile>
  </ItemGroup>
  <ItemGroup>
    <ClCompile Include="sources\USER2.cpp">
      <Filter>Source Files\sources</Filter>
    </ClCompile>
  </ItemGroup>
  <ItemGroup>
    <ClCompile Include="sources\UserLevelUpSet.cpp">
      <Filter>Source Files\sources</Filter>
    </ClCompile>
  </ItemGroup>
  <ItemGroup>
    <ClCompile Include="sources\UserLevelUpTable.cpp">
      <Filter>Source Files\sources</Filter>
    </ClCompile>
  </ItemGroup>
  <ItemGroup>
    <ClCompile Include="sources\UserManager.cpp">
      <Filter>Source Files\sources</Filter>
    </ClCompile>
  </ItemGroup>
  <ItemGroup>
    <ClCompile Include="sources\ValItemTable.cpp">
      <Filter>Source Files\sources</Filter>
    </ClCompile>
  </ItemGroup>
  <ItemGroup>
    <ClCompile Include="sources\ValItemTableSet.cpp">
      <Filter>Source Files\sources</Filter>
    </ClCompile>
  </ItemGroup>
  <ItemGroup>
    <ClCompile Include="sources\VirtualRoom.cpp">
      <Filter>Source Files\sources</Filter>
    </ClCompile>
  </ItemGroup>
  <ItemGroup>
    <ClCompile Include="sources\ZoneInfoSet.cpp">
      <Filter>Source Files\sources</Filter>
    </ClCompile>
  </ItemGroup>
  <ItemGroup>
    <ClCompile Include="sources\global.cpp">
      <Filter>Source Files\sources</Filter>
    </ClCompile>
  </ItemGroup>
  <ItemGroup>
    <ClCompile Include="sources\sinstance.cpp">
      <Filter>Source Files\sources</Filter>
    </ClCompile>
  </ItemGroup>
  <ItemGroup>
    <Filter Include="Header Files\." />
  </ItemGroup>
  <ItemGroup>
    <Filter Include="Header Files\.\sources" />
  </ItemGroup>
  <ItemGroup>
    <CustomBuild Include="stdafx.h">
      <Filter>Header Files</Filter>
    </CustomBuild>
    <CustomBuild Include="sources\AccessoriUpTable.h">
      <Filter>Header Files\.\sources</Filter>
    </CustomBuild>
    <CustomBuild Include="sources\AccessoriUpTableSet.h">
      <Filter>Header Files\.\sources</Filter>
    </CustomBuild>
    <CustomBuild Include="sources\AddEventItemTableSet.h">
      <Filter>Header Files\.\sources</Filter>
    </CustomBuild>
    <CustomBuild Include="sources\BoxEventTable.h">
      <Filter>Header Files\.\sources</Filter>
    </CustomBuild>
    <CustomBuild Include="sources\BoxEventTableSet.h">
      <Filter>Header Files\.\sources</Filter>
    </CustomBuild>
    <CustomBuild Include="sources\BufferEx.h">
      <Filter>Header Files\.\sources</Filter>
    </CustomBuild>
    <CustomBuild Include="sources\CBSocket.h">
      <Filter>Header Files\.\sources</Filter>
    </CustomBuild>
    <CustomBuild Include="sources\CELL.h">
      <Filter>Header Files\.\sources</Filter>
    </CustomBuild>
    <CustomBuild Include="sources\COM.h">
      <Filter>Header Files\.\sources</Filter>
    </CustomBuild>
    <CustomBuild Include="sources\CircularBuffer.h">
      <Filter>Header Files\.\sources</Filter>
    </CustomBuild>
    <CustomBuild Include="sources\CityNpcTableSet.h">
      <Filter>Header Files\.\sources</Filter>
    </CustomBuild>
    <CustomBuild Include="sources\Compress.h">
      <Filter>Header Files\.\sources</Filter>
    </CustomBuild>
    <CustomBuild Include="sources\DBItemInfo.h">
      <Filter>Header Files\.\sources</Filter>
    </CustomBuild>
    <CustomBuild Include="sources\DNTable.h">
      <Filter>Header Files\.\sources</Filter>
    </CustomBuild>
    <CustomBuild Include="sources\DNTableSet.h">
      <Filter>Header Files\.\sources</Filter>
    </CustomBuild>
    <CustomBuild Include="sources\Define.h">
      <Filter>Header Files\.\sources</Filter>
    </CustomBuild>
    <CustomBuild Include="sources\DressingSet.h">
      <Filter>Header Files\.\sources</Filter>
    </CustomBuild>
    <CustomBuild Include="sources\EBodyIdentifyTable.h">
      <Filter>Header Files\.\sources</Filter>
    </CustomBuild>
    <CustomBuild Include="sources\EBodyIdentifyTableSet.h">
      <Filter>Header Files\.\sources</Filter>
    </CustomBuild>
    <CustomBuild Include="sources\EBodyStoreSet.h">
      <Filter>Header Files\.\sources</Filter>
    </CustomBuild>
    <CustomBuild Include="sources\EBodyTable.h">
      <Filter>Header Files\.\sources</Filter>
    </CustomBuild>
    <CustomBuild Include="sources\EBodyTableSet.h">
      <Filter>Header Files\.\sources</Filter>
    </CustomBuild>
    <CustomBuild Include="sources\EBodyUpgradeTable.h">
      <Filter>Header Files\.\sources</Filter>
    </CustomBuild>
    <CustomBuild Include="sources\EBodyUpgradeTableSet.h">
      <Filter>Header Files\.\sources</Filter>
    </CustomBuild>
    <CustomBuild Include="sources\EVENT.h">
      <Filter>Header Files\.\sources</Filter>
    </CustomBuild>
    <CustomBuild Include="sources\EVENT_DATA.h">
      <Filter>Header Files\.\sources</Filter>
    </CustomBuild>
    <CustomBuild Include="sources\EXEC.h">
      <Filter>Header Files\.\sources</Filter>
    </CustomBuild>
    <CustomBuild Include="sources\ErrorLog.h">
      <Filter>Header Files\.\sources</Filter>
    </CustomBuild>
    <CustomBuild Include="sources\EventBlockingTable.h">
      <Filter>Header Files\.\sources</Filter>
    </CustomBuild>
    <CustomBuild Include="sources\EventItemNew.h">
      <Filter>Header Files\.\sources</Filter>
    </CustomBuild>
    <CustomBuild Include="sources\EventItemTable.h">
      <Filter>Header Files\.\sources</Filter>
    </CustomBuild>
    <CustomBuild Include="sources\EventItemTableSet.h">
      <Filter>Header Files\.\sources</Filter>
    </CustomBuild>
    <CustomBuild Include="sources\EventZone.h">
      <Filter>Header Files\.\sources</Filter>
    </CustomBuild>
    <CustomBuild Include="sources\Extern.h">
      <Filter>Header Files\.\sources</Filter>
    </CustomBuild>
    <CustomBuild Include="sources\Guild.h">
      <Filter>Header Files\.\sources</Filter>
    </CustomBuild>
    <CustomBuild Include="sources\GuildFortress.h">
      <Filter>Header Files\.\sources</Filter>
    </CustomBuild>
    <CustomBuild Include="sources\GuildFortressSet.h">
      <Filter>Header Files\.\sources</Filter>
    </CustomBuild>
    <CustomBuild Include="sources\GuildFortressTaxSet.h">
      <Filter>Header Files\.\sources</Filter>
    </CustomBuild>
    <CustomBuild Include="sources\GuildHouse.h">
      <Filter>Header Files\.\sources</Filter>
    </CustomBuild>
    <CustomBuild Include="sources\GuildHouseRankSet.h">
      <Filter>Header Files\.\sources</Filter>
    </CustomBuild>
    <CustomBuild Include="sources\GuildHouseSet.h">
      <Filter>Header Files\.\sources</Filter>
    </CustomBuild>
    <CustomBuild Include="sources\GuildHouseWar.h">
      <Filter>Header Files\.\sources</Filter>
    </CustomBuild>
    <CustomBuild Include="sources\GuildMapInfoSet.h">
      <Filter>Header Files\.\sources</Filter>
    </CustomBuild>
    <CustomBuild Include="sources\GuildMapInfoTable.h">
      <Filter>Header Files\.\sources</Filter>
    </CustomBuild>
    <CustomBuild Include="sources\GuildStoreSet.h">
      <Filter>Header Files\.\sources</Filter>
    </CustomBuild>
    <CustomBuild Include="sources\GuildStoreTable.h">
      <Filter>Header Files\.\sources</Filter>
    </CustomBuild>
    <CustomBuild Include="sources\GuildUser.h">
      <Filter>Header Files\.\sources</Filter>
    </CustomBuild>
    <CustomBuild Include="sources\Hyper.h">
      <Filter>Header Files\.\sources</Filter>
    </CustomBuild>
    <CustomBuild Include="sources\IOCPBASE.h">
      <Filter>Header Files\.\sources</Filter>
    </CustomBuild>
    <CustomBuild Include="sources\IOCPSocket.h">
      <Filter>Header Files\.\sources</Filter>
    </CustomBuild>
    <CustomBuild Include="sources\InitItemTableSet.h">
      <Filter>Header Files\.\sources</Filter>
    </CustomBuild>
    <CustomBuild Include="sources\Item.h">
      <Filter>Header Files\.\sources</Filter>
    </CustomBuild>
    <CustomBuild Include="sources\ItemTable.h">
      <Filter>Header Files\.\sources</Filter>
    </CustomBuild>
    <CustomBuild Include="sources\ItemTableSet.h">
      <Filter>Header Files\.\sources</Filter>
    </CustomBuild>
    <CustomBuild Include="sources\JvCryption.h">
      <Filter>Header Files\.\sources</Filter>
    </CustomBuild>
    <CustomBuild Include="sources\LOGIC.h">
      <Filter>Header Files\.\sources</Filter>
    </CustomBuild>
    <CustomBuild Include="sources\LOGIC_ELSE.h">
      <Filter>Header Files\.\sources</Filter>
    </CustomBuild>
    <CustomBuild Include="sources\LevelUpTable.h">
      <Filter>Header Files\.\sources</Filter>
    </CustomBuild>
    <CustomBuild Include="sources\LevelUpTableSet.h">
      <Filter>Header Files\.\sources</Filter>
    </CustomBuild>
    <CustomBuild Include="sources\MAP.h">
      <Filter>Header Files\.\sources</Filter>
    </CustomBuild>
    <CustomBuild Include="sources\MagicItemTable.h">
      <Filter>Header Files\.\sources</Filter>
    </CustomBuild>
    <CustomBuild Include="sources\MagicItemTableSet.h">
      <Filter>Header Files\.\sources</Filter>
    </CustomBuild>
    <CustomBuild Include="sources\Mcommon.h">
      <Filter>Header Files\.\sources</Filter>
    </CustomBuild>
    <CustomBuild Include="sources\MechanicStoreSet.h">
      <Filter>Header Files\.\sources</Filter>
    </CustomBuild>
    <CustomBuild Include="sources\MemUser.h">
      <Filter>Header Files\.\sources</Filter>
    </CustomBuild>
    <CustomBuild Include="sources\MonsterPsiSet.h">
      <Filter>Header Files\.\sources</Filter>
    </CustomBuild>
    <CustomBuild Include="sources\MyDB.h">
      <Filter>Header Files\.\sources</Filter>
    </CustomBuild>
    <CustomBuild Include="sources\Npc.h">
      <Filter>Header Files\.\sources</Filter>
    </CustomBuild>
    <CustomBuild Include="sources\NpcChat.h">
      <Filter>Header Files\.\sources</Filter>
    </CustomBuild>
    <CustomBuild Include="sources\NpcChatSet.h">
      <Filter>Header Files\.\sources</Filter>
    </CustomBuild>
    <CustomBuild Include="sources\NpcItem.h">
      <Filter>Header Files\.\sources</Filter>
    </CustomBuild>
    <CustomBuild Include="sources\NpcItemSet.h">
      <Filter>Header Files\.\sources</Filter>
    </CustomBuild>
    <CustomBuild Include="sources\NpcPosSet.h">
      <Filter>Header Files\.\sources</Filter>
    </CustomBuild>
    <CustomBuild Include="sources\NpcSayEventSet.h">
      <Filter>Header Files\.\sources</Filter>
    </CustomBuild>
    <CustomBuild Include="sources\NpcSayTable.h">
      <Filter>Header Files\.\sources</Filter>
    </CustomBuild>
    <CustomBuild Include="sources\NpcTable.h">
      <Filter>Header Files\.\sources</Filter>
    </CustomBuild>
    <CustomBuild Include="sources\NpcTableSet.h">
      <Filter>Header Files\.\sources</Filter>
    </CustomBuild>
    <CustomBuild Include="sources\NpcThread.h">
      <Filter>Header Files\.\sources</Filter>
    </CustomBuild>
    <CustomBuild Include="sources\PAMAExp.h">
      <Filter>Header Files\.\sources</Filter>
    </CustomBuild>
    <CustomBuild Include="sources\PAMAExpSet.h">
      <Filter>Header Files\.\sources</Filter>
    </CustomBuild>
    <CustomBuild Include="sources\Packet.h">
      <Filter>Header Files\.\sources</Filter>
    </CustomBuild>
    <CustomBuild Include="sources\Path.h">
      <Filter>Header Files\.\sources</Filter>
    </CustomBuild>
    <CustomBuild Include="sources\PathFind.h">
      <Filter>Header Files\.\sources</Filter>
    </CustomBuild>
    <CustomBuild Include="sources\PoolBase.h">
      <Filter>Header Files\.\sources</Filter>
    </CustomBuild>
    <CustomBuild Include="sources\PsiStoreSet.h">
      <Filter>Header Files\.\sources</Filter>
    </CustomBuild>
    <CustomBuild Include="sources\PsiTable.h">
      <Filter>Header Files\.\sources</Filter>
    </CustomBuild>
    <CustomBuild Include="sources\PsiTableSet.h">
      <Filter>Header Files\.\sources</Filter>
    </CustomBuild>
    <CustomBuild Include="sources\Recover.h">
      <Filter>Header Files\.\sources</Filter>
    </CustomBuild>
    <CustomBuild Include="sources\RecoverRate.h">
      <Filter>Header Files\.\sources</Filter>
    </CustomBuild>
    <CustomBuild Include="sources\RecoverRateSet.h">
      <Filter>Header Files\.\sources</Filter>
    </CustomBuild>
    <CustomBuild Include="sources\RecoverSet.h">
      <Filter>Header Files\.\sources</Filter>
    </CustomBuild>
    <CustomBuild Include="sources\Remodeling02TableSet.h">
      <Filter>Header Files\.\sources</Filter>
    </CustomBuild>
    <CustomBuild Include="sources\Remodeling03TableSet.h">
      <Filter>Header Files\.\sources</Filter>
    </CustomBuild>
    <CustomBuild Include="sources\RemodelingTable.h">
      <Filter>Header Files\.\sources</Filter>
    </CustomBuild>
    <CustomBuild Include="sources\RemodelingTableSet.h">
      <Filter>Header Files\.\sources</Filter>
    </CustomBuild>
    <CustomBuild Include="sources\Resource.h">
      <Filter>Header Files\.\sources</Filter>
    </CustomBuild>
    <CustomBuild Include="sources\RoyalRumble.h">
      <Filter>Header Files\.\sources</Filter>
    </CustomBuild>
    <CustomBuild Include="sources\RoyalRumbleUser.h">
      <Filter>Header Files\.\sources</Filter>
    </CustomBuild>
    <CustomBuild Include="sources\SCDefine.h">
      <Filter>Header Files\.\sources</Filter>
    </CustomBuild>
    <CustomBuild Include="sources\SERVERINFO.h">
      <Filter>Header Files\.\sources</Filter>
    </CustomBuild>
    <CustomBuild Include="sources\SResourceArray.h">
      <Filter>Header Files\.\sources</Filter>
    </CustomBuild>
    <CustomBuild Include="sources\SSocket.h">
      <Filter>Header Files\.\sources</Filter>
    </CustomBuild>
    <CustomBuild Include="sources\Search.h">
      <Filter>Header Files\.\sources</Filter>
    </CustomBuild>
    <CustomBuild Include="sources\Server.h">
      <Filter>Header Files\.\sources</Filter>
    </CustomBuild>
    <CustomBuild Include="sources\ServerDlg.h">
      <Filter>Header Files\.\sources</Filter>
    </CustomBuild>
    <CustomBuild Include="sources\SharedMemory.h">
      <Filter>Header Files\.\sources</Filter>
    </CustomBuild>
    <CustomBuild Include="sources\SharedQueue.h">
      <Filter>Header Files\.\sources</Filter>
    </CustomBuild>
    <CustomBuild Include="sources\ShopSystem.h">
      <Filter>Header Files\.\sources</Filter>
    </CustomBuild>
    <CustomBuild Include="sources\SkillTable.h">
      <Filter>Header Files\.\sources</Filter>
    </CustomBuild>
    <CustomBuild Include="sources\SkillTableSet.h">
      <Filter>Header Files\.\sources</Filter>
    </CustomBuild>
    <CustomBuild Include="sources\SockDataList.h">
      <Filter>Header Files\.\sources</Filter>
    </CustomBuild>
    <CustomBuild Include="sources\SocketManager.h">
      <Filter>Header Files\.\sources</Filter>
    </CustomBuild>
    <CustomBuild Include="sources\Store.h">
      <Filter>Header Files\.\sources</Filter>
    </CustomBuild>
    <CustomBuild Include="sources\StoreRepairSet.h">
      <Filter>Header Files\.\sources</Filter>
    </CustomBuild>
    <CustomBuild Include="sources\StoreSellSet.h">
      <Filter>Header Files\.\sources</Filter>
    </CustomBuild>
    <CustomBuild Include="sources\StoreSet.h">
      <Filter>Header Files\.\sources</Filter>
    </CustomBuild>
    <CustomBuild Include="sources\SummonTable.h">
      <Filter>Header Files\.\sources</Filter>
    </CustomBuild>
    <CustomBuild Include="sources\TableItem.h">
      <Filter>Header Files\.\sources</Filter>
    </CustomBuild>
    <CustomBuild Include="sources\ThrowItem.h">
      <Filter>Header Files\.\sources</Filter>
    </CustomBuild>
    <CustomBuild Include="sources\TownPotalTableSet.h">
      <Filter>Header Files\.\sources</Filter>
    </CustomBuild>
    <CustomBuild Include="sources\UNI_CHAR.h">
      <Filter>Header Files\.\sources</Filter>
    </CustomBuild>
    <CustomBuild Include="sources\UResourceArray.h">
      <Filter>Header Files\.\sources</Filter>
    </CustomBuild>
    <CustomBuild Include="sources\USER.h">
      <Filter>Header Files\.\sources</Filter>
    </CustomBuild>
    <CustomBuild Include="sources\UserLevelUpSet.h">
      <Filter>Header Files\.\sources</Filter>
    </CustomBuild>
    <CustomBuild Include="sources\UserLevelUpTable.h">
      <Filter>Header Files\.\sources</Filter>
    </CustomBuild>
    <CustomBuild Include="sources\UserManager.h">
      <Filter>Header Files\.\sources</Filter>
    </CustomBuild>
    <CustomBuild Include="sources\ValItemTable.h">
      <Filter>Header Files\.\sources</Filter>
    </CustomBuild>
    <CustomBuild Include="sources\ValItemTableSet.h">
      <Filter>Header Files\.\sources</Filter>
    </CustomBuild>
    <CustomBuild Include="sources\VirtualRoom.h">
      <Filter>Header Files\.\sources</Filter>
    </CustomBuild>
    <CustomBuild Include="sources\ZoneInfoSet.h">
      <Filter>Header Files\.\sources</Filter>
    </CustomBuild>
    <CustomBuild Include="sources\global.h">
      <Filter>Header Files\.\sources</Filter>
    </CustomBuild>
    <CustomBuild Include="sources\ov.h">
      <Filter>Header Files\.\sources</Filter>
    </CustomBuild>
    <CustomBuild Include="sources\sinstance.h">
      <Filter>Header Files\.\sources</Filter>
    </CustomBuild>
  </ItemGroup>
  <ItemGroup>
    <ClCompile Include="stdafx.h.cpp">
      <Filter>Generated Files</Filter>
    </ClCompile>
  </ItemGroup>
  <ItemGroup>
    <ResourceCompile Include="Server.rc" />
  </ItemGroup>
</Project>