<?xml version="1.0" encoding="utf-8"?>
<Project ToolsVersion="4.0" xmlns="http://schemas.microsoft.com/developer/msbuild/2003">
  <ItemGroup>
    <Filter Include="Source Files">
      <UniqueIdentifier>{bc5392f5-7393-45d7-8fd0-608866621dec}</UniqueIdentifier>
      <Extensions>cpp;c;cxx;rc;def;r;odl;idl;hpj;bat</Extensions>
    </Filter>
    <Filter Include="Header Files">
      <UniqueIdentifier>{93434d71-11cd-4560-8c61-1d77ea7af83b}</UniqueIdentifier>
      <Extensions>h;hpp;hxx;hm;inl</Extensions>
    </Filter>
    <Filter Include="Resource Files">
      <UniqueIdentifier>{9fc0585e-bbce-4927-872e-26a9f75429da}</UniqueIdentifier>
      <Extensions>ico;cur;bmp;dlg;rc2;rct;bin;rgs;gif;jpg;jpeg;jpe</Extensions>
    </Filter>
  </ItemGroup>
  <ItemGroup>
    <ClCompile Include="AccessoriUpTable.cpp">
      <Filter>Source Files</Filter>
    </ClCompile>
    <ClCompile Include="AccessoriUpTableSet.cpp">
      <Filter>Source Files</Filter>
    </ClCompile>
    <ClCompile Include="AddEventItemTableSet.cpp">
      <Filter>Source Files</Filter>
    </ClCompile>
    <ClCompile Include="BoxEventTable.cpp">
      <Filter>Source Files</Filter>
    </ClCompile>
    <ClCompile Include="BoxEventTableSet.cpp">
      <Filter>Source Files</Filter>
    </ClCompile>
    <ClCompile Include="BufferEx.cpp">
      <Filter>Source Files</Filter>
    </ClCompile>
    <ClCompile Include="CBSocket.cpp">
      <Filter>Source Files</Filter>
    </ClCompile>
    <ClCompile Include="CELL.cpp">
      <Filter>Source Files</Filter>
    </ClCompile>
    <ClCompile Include="CircularBuffer.cpp">
      <Filter>Source Files</Filter>
    </ClCompile>
    <ClCompile Include="CityNpcTableSet.cpp">
      <Filter>Source Files</Filter>
    </ClCompile>
    <ClCompile Include="COM.cpp">
      <Filter>Source Files</Filter>
    </ClCompile>
    <ClCompile Include="Compress.cpp">
      <Filter>Source Files</Filter>
    </ClCompile>
    <ClCompile Include="DBItemInfo.cpp">
      <Filter>Source Files</Filter>
    </ClCompile>
    <ClCompile Include="DNTable.cpp">
      <Filter>Source Files</Filter>
    </ClCompile>
    <ClCompile Include="DNTableSet.cpp">
      <Filter>Source Files</Filter>
    </ClCompile>
    <ClCompile Include="DressingSet.cpp">
      <Filter>Source Files</Filter>
    </ClCompile>
    <ClCompile Include="EBodyIdentifyTable.cpp">
      <Filter>Source Files</Filter>
    </ClCompile>
    <ClCompile Include="EBodyIdentifyTableSet.cpp">
      <Filter>Source Files</Filter>
    </ClCompile>
    <ClCompile Include="EBodyStoreSet.cpp">
      <Filter>Source Files</Filter>
    </ClCompile>
    <ClCompile Include="EBodyTable.cpp">
      <Filter>Source Files</Filter>
    </ClCompile>
    <ClCompile Include="EBodyTableSet.cpp">
      <Filter>Source Files</Filter>
    </ClCompile>
    <ClCompile Include="EBodyUpgradeTable.cpp">
      <Filter>Source Files</Filter>
    </ClCompile>
    <ClCompile Include="EBodyUpgradeTableSet.cpp">
      <Filter>Source Files</Filter>
    </ClCompile>
    <ClCompile Include="ErrorLog.cpp">
      <Filter>Source Files</Filter>
    </ClCompile>
    <ClCompile Include="EVENT.cpp">
      <Filter>Source Files</Filter>
    </ClCompile>
    <ClCompile Include="EVENT_DATA.cpp">
      <Filter>Source Files</Filter>
    </ClCompile>
    <ClCompile Include="EventBlockingTable.cpp">
      <Filter>Source Files</Filter>
    </ClCompile>
    <ClCompile Include="EventItemNew.cpp">
      <Filter>Source Files</Filter>
    </ClCompile>
    <ClCompile Include="EventItemTable.cpp">
      <Filter>Source Files</Filter>
    </ClCompile>
    <ClCompile Include="EventItemTableSet.cpp">
      <Filter>Source Files</Filter>
    </ClCompile>
    <ClCompile Include="EventZone.cpp">
      <Filter>Source Files</Filter>
    </ClCompile>
    <ClCompile Include="EXEC.cpp">
      <Filter>Source Files</Filter>
    </ClCompile>
    <ClCompile Include="global.cpp">
      <Filter>Source Files</Filter>
    </ClCompile>
    <ClCompile Include="Guild.cpp">
      <Filter>Source Files</Filter>
    </ClCompile>
    <ClCompile Include="GuildFortress.cpp">
      <Filter>Source Files</Filter>
    </ClCompile>
    <ClCompile Include="GuildFortressSet.cpp">
      <Filter>Source Files</Filter>
    </ClCompile>
    <ClCompile Include="GuildFortressTaxSet.cpp">
      <Filter>Source Files</Filter>
    </ClCompile>
    <ClCompile Include="GuildHouse.cpp">
      <Filter>Source Files</Filter>
    </ClCompile>
    <ClCompile Include="GuildHouseRankSet.cpp">
      <Filter>Source Files</Filter>
    </ClCompile>
    <ClCompile Include="GuildHouseSet.cpp">
      <Filter>Source Files</Filter>
    </ClCompile>
    <ClCompile Include="GuildHouseWar.cpp">
      <Filter>Source Files</Filter>
    </ClCompile>
    <ClCompile Include="GuildMapInfoSet.cpp">
      <Filter>Source Files</Filter>
    </ClCompile>
    <ClCompile Include="GuildMapInfoTable.cpp">
      <Filter>Source Files</Filter>
    </ClCompile>
    <ClCompile Include="GuildStoreSet.cpp">
      <Filter>Source Files</Filter>
    </ClCompile>
    <ClCompile Include="GuildStoreTable.cpp">
      <Filter>Source Files</Filter>
    </ClCompile>
    <ClCompile Include="GuildUser.cpp">
      <Filter>Source Files</Filter>
    </ClCompile>
    <ClCompile Include="Hyper.cpp">
      <Filter>Source Files</Filter>
    </ClCompile>
    <ClCompile Include="InitItemTableSet.cpp">
      <Filter>Source Files</Filter>
    </ClCompile>
    <ClCompile Include="IOCPBASE.CPP">
      <Filter>Source Files</Filter>
    </ClCompile>
    <ClCompile Include="IOCPSocket.cpp">
      <Filter>Source Files</Filter>
    </ClCompile>
    <ClCompile Include="Item.cpp">
      <Filter>Source Files</Filter>
    </ClCompile>
    <ClCompile Include="ItemTable.cpp">
      <Filter>Source Files</Filter>
    </ClCompile>
    <ClCompile Include="ItemTableSet.cpp">
      <Filter>Source Files</Filter>
    </ClCompile>
    <ClCompile Include="LevelUpTable.cpp">
      <Filter>Source Files</Filter>
    </ClCompile>
    <ClCompile Include="LevelUpTableSet.cpp">
      <Filter>Source Files</Filter>
    </ClCompile>
    <ClCompile Include="LOGIC.cpp">
      <Filter>Source Files</Filter>
    </ClCompile>
    <ClCompile Include="LOGIC_ELSE.cpp">
      <Filter>Source Files</Filter>
    </ClCompile>
    <ClCompile Include="MagicItemTable.cpp">
      <Filter>Source Files</Filter>
    </ClCompile>
    <ClCompile Include="MagicItemTableSet.cpp">
      <Filter>Source Files</Filter>
    </ClCompile>
    <ClCompile Include="MAP.cpp">
      <Filter>Source Files</Filter>
    </ClCompile>
    <ClCompile Include="MechanicStoreSet.cpp">
      <Filter>Source Files</Filter>
    </ClCompile>
    <ClCompile Include="MemUser.cpp">
      <Filter>Source Files</Filter>
    </ClCompile>
    <ClCompile Include="MonsterPsiSet.cpp">
      <Filter>Source Files</Filter>
    </ClCompile>
    <ClCompile Include="MyDB.cpp">
      <Filter>Source Files</Filter>
    </ClCompile>
    <ClCompile Include="Npc.cpp">
      <Filter>Source Files</Filter>
    </ClCompile>
    <ClCompile Include="NpcChat.cpp">
      <Filter>Source Files</Filter>
    </ClCompile>
    <ClCompile Include="NpcChatSet.cpp">
      <Filter>Source Files</Filter>
    </ClCompile>
    <ClCompile Include="NpcItem.cpp">
      <Filter>Source Files</Filter>
    </ClCompile>
    <ClCompile Include="NpcItemSet.cpp">
      <Filter>Source Files</Filter>
    </ClCompile>
    <ClCompile Include="NpcPosSet.cpp">
      <Filter>Source Files</Filter>
    </ClCompile>
    <ClCompile Include="NpcSayEventSet.cpp">
      <Filter>Source Files</Filter>
    </ClCompile>
    <ClCompile Include="NpcSayTable.cpp">
      <Filter>Source Files</Filter>
    </ClCompile>
    <ClCompile Include="NpcTable.cpp">
      <Filter>Source Files</Filter>
    </ClCompile>
    <ClCompile Include="NpcTableSet.cpp">
      <Filter>Source Files</Filter>
    </ClCompile>
    <ClCompile Include="NpcThread.cpp">
      <Filter>Source Files</Filter>
    </ClCompile>
    <ClCompile Include="PAMAExp.cpp">
      <Filter>Source Files</Filter>
    </ClCompile>
    <ClCompile Include="PAMAExpSet.cpp">
      <Filter>Source Files</Filter>
    </ClCompile>
    <ClCompile Include="Path.cpp">
      <Filter>Source Files</Filter>
    </ClCompile>
    <ClCompile Include="PathFind.cpp">
      <Filter>Source Files</Filter>
    </ClCompile>
    <ClCompile Include="PoolBase.cpp">
      <Filter>Source Files</Filter>
    </ClCompile>
    <ClCompile Include="PsiStoreSet.cpp">
      <Filter>Source Files</Filter>
    </ClCompile>
    <ClCompile Include="PsiTable.cpp">
      <Filter>Source Files</Filter>
    </ClCompile>
    <ClCompile Include="PsiTableSet.cpp">
      <Filter>Source Files</Filter>
    </ClCompile>
    <ClCompile Include="Recover.cpp">
      <Filter>Source Files</Filter>
    </ClCompile>
    <ClCompile Include="RecoverRate.cpp">
      <Filter>Source Files</Filter>
    </ClCompile>
    <ClCompile Include="RecoverRateSet.cpp">
      <Filter>Source Files</Filter>
    </ClCompile>
    <ClCompile Include="RecoverSet.cpp">
      <Filter>Source Files</Filter>
    </ClCompile>
    <ClCompile Include="Remodeling02TableSet.cpp">
      <Filter>Source Files</Filter>
    </ClCompile>
    <ClCompile Include="Remodeling03TableSet.cpp">
      <Filter>Source Files</Filter>
    </ClCompile>
    <ClCompile Include="RemodelingTable.cpp">
      <Filter>Source Files</Filter>
    </ClCompile>
    <ClCompile Include="RemodelingTableSet.cpp">
      <Filter>Source Files</Filter>
    </ClCompile>
    <ClCompile Include="RoyalRumble.cpp">
      <Filter>Source Files</Filter>
    </ClCompile>
    <ClCompile Include="RoyalRumbleUser.cpp">
      <Filter>Source Files</Filter>
    </ClCompile>
    <ClCompile Include="Search.cpp">
      <Filter>Source Files</Filter>
    </ClCompile>
    <ClCompile Include="Server.cpp">
      <Filter>Source Files</Filter>
    </ClCompile>
    <ClCompile Include="ServerDlg.cpp">
      <Filter>Source Files</Filter>
    </ClCompile>
    <ClCompile Include="ServerDlg2.cpp">
      <Filter>Source Files</Filter>
    </ClCompile>
    <ClCompile Include="SERVERINFO.cpp">
      <Filter>Source Files</Filter>
    </ClCompile>
    <ClCompile Include="SharedMemory.cpp">
      <Filter>Source Files</Filter>
    </ClCompile>
    <ClCompile Include="SharedQueue.cpp">
      <Filter>Source Files</Filter>
    </ClCompile>
    <ClCompile Include="ShopSystem.cpp">
      <Filter>Source Files</Filter>
    </ClCompile>
    <ClCompile Include="sinstance.cpp">
      <Filter>Source Files</Filter>
    </ClCompile>
    <ClCompile Include="SkillTable.cpp">
      <Filter>Source Files</Filter>
    </ClCompile>
    <ClCompile Include="SkillTableSet.cpp">
      <Filter>Source Files</Filter>
    </ClCompile>
    <ClCompile Include="SocketManager.cpp">
      <Filter>Source Files</Filter>
    </ClCompile>
    <ClCompile Include="SResourceArray.cpp">
      <Filter>Source Files</Filter>
    </ClCompile>
    <ClCompile Include="SSocket.cpp">
      <Filter>Source Files</Filter>
    </ClCompile>
    <ClCompile Include="StdAfx.cpp">
      <Filter>Source Files</Filter>
    </ClCompile>
    <ClCompile Include="Store.cpp">
      <Filter>Source Files</Filter>
    </ClCompile>
    <ClCompile Include="StoreRepairSet.cpp">
      <Filter>Source Files</Filter>
    </ClCompile>
    <ClCompile Include="StoreSellSet.cpp">
      <Filter>Source Files</Filter>
    </ClCompile>
    <ClCompile Include="StoreSet.cpp">
      <Filter>Source Files</Filter>
    </ClCompile>
    <ClCompile Include="SummonTable.cpp">
      <Filter>Source Files</Filter>
    </ClCompile>
    <ClCompile Include="TableItem.cpp">
      <Filter>Source Files</Filter>
    </ClCompile>
    <ClCompile Include="ThrowItem.cpp">
      <Filter>Source Files</Filter>
    </ClCompile>
    <ClCompile Include="TownPotalTableSet.cpp">
      <Filter>Source Files</Filter>
    </ClCompile>
    <ClCompile Include="UNI_CHAR.cpp">
      <Filter>Source Files</Filter>
    </ClCompile>
    <ClCompile Include="UResourceArray.cpp">
      <Filter>Source Files</Filter>
    </ClCompile>
    <ClCompile Include="USER.cpp">
      <Filter>Source Files</Filter>
    </ClCompile>
    <ClCompile Include="USER2.cpp">
      <Filter>Source Files</Filter>
    </ClCompile>
    <ClCompile Include="UserLevelUpSet.cpp">
      <Filter>Source Files</Filter>
    </ClCompile>
    <ClCompile Include="UserLevelUpTable.cpp">
      <Filter>Source Files</Filter>
    </ClCompile>
    <ClCompile Include="UserManager.cpp">
      <Filter>Source Files</Filter>
    </ClCompile>
    <ClCompile Include="ValItemTable.cpp">
      <Filter>Source Files</Filter>
    </ClCompile>
    <ClCompile Include="ValItemTableSet.cpp">
      <Filter>Source Files</Filter>
    </ClCompile>
    <ClCompile Include="VirtualRoom.cpp">
      <Filter>Source Files</Filter>
    </ClCompile>
    <ClCompile Include="ZoneInfoSet.cpp">
      <Filter>Source Files</Filter>
    </ClCompile>
  </ItemGroup>
  <ItemGroup>
    <ResourceCompile Include="Server.rc">
      <Filter>Source Files</Filter>
    </ResourceCompile>
  </ItemGroup>
  <ItemGroup>
    <ClInclude Include="AccessoriUpTable.h">
      <Filter>Header Files</Filter>
    </ClInclude>
    <ClInclude Include="AccessoriUpTableSet.h">
      <Filter>Header Files</Filter>
    </ClInclude>
    <ClInclude Include="AddEventItemTableSet.h">
      <Filter>Header Files</Filter>
    </ClInclude>
    <ClInclude Include="BoxEventTable.h">
      <Filter>Header Files</Filter>
    </ClInclude>
    <ClInclude Include="BoxEventTableSet.h">
      <Filter>Header Files</Filter>
    </ClInclude>
    <ClInclude Include="CBSocket.h">
      <Filter>Header Files</Filter>
    </ClInclude>
    <ClInclude Include="CELL.h">
      <Filter>Header Files</Filter>
    </ClInclude>
    <ClInclude Include="CircularBuffer.h">
      <Filter>Header Files</Filter>
    </ClInclude>
    <ClInclude Include="CityNpcTableSet.h">
      <Filter>Header Files</Filter>
    </ClInclude>
    <ClInclude Include="COM.h">
      <Filter>Header Files</Filter>
    </ClInclude>
    <ClInclude Include="Compress.h">
      <Filter>Header Files</Filter>
    </ClInclude>
    <ClInclude Include="DBItemInfo.h">
      <Filter>Header Files</Filter>
    </ClInclude>
    <ClInclude Include="Define.h">
      <Filter>Header Files</Filter>
    </ClInclude>
    <ClInclude Include="DNTable.h">
      <Filter>Header Files</Filter>
    </ClInclude>
    <ClInclude Include="DNTableSet.h">
      <Filter>Header Files</Filter>
    </ClInclude>
    <ClInclude Include="DressingSet.h">
      <Filter>Header Files</Filter>
    </ClInclude>
    <ClInclude Include="EBodyIdentifyTable.h">
      <Filter>Header Files</Filter>
    </ClInclude>
    <ClInclude Include="EBodyIdentifyTableSet.h">
      <Filter>Header Files</Filter>
    </ClInclude>
    <ClInclude Include="EBodyStoreSet.h">
      <Filter>Header Files</Filter>
    </ClInclude>
    <ClInclude Include="EBodyTable.h">
      <Filter>Header Files</Filter>
    </ClInclude>
    <ClInclude Include="EBodyTableSet.h">
      <Filter>Header Files</Filter>
    </ClInclude>
    <ClInclude Include="EBodyUpgradeTable.h">
      <Filter>Header Files</Filter>
    </ClInclude>
    <ClInclude Include="EBodyUpgradeTableSet.h">
      <Filter>Header Files</Filter>
    </ClInclude>
    <ClInclude Include="ErrorLog.h">
      <Filter>Header Files</Filter>
    </ClInclude>
    <ClInclude Include="EVENT.h">
      <Filter>Header Files</Filter>
    </ClInclude>
    <ClInclude Include="EVENT_DATA.h">
      <Filter>Header Files</Filter>
    </ClInclude>
    <ClInclude Include="EventBlockingTable.h">
      <Filter>Header Files</Filter>
    </ClInclude>
    <ClInclude Include="EventItemNew.h">
      <Filter>Header Files</Filter>
    </ClInclude>
    <ClInclude Include="EventItemTable.h">
      <Filter>Header Files</Filter>
    </ClInclude>
    <ClInclude Include="EventItemTableSet.h">
      <Filter>Header Files</Filter>
    </ClInclude>
    <ClInclude Include="EventZone.h">
      <Filter>Header Files</Filter>
    </ClInclude>
    <ClInclude Include="EXEC.h">
      <Filter>Header Files</Filter>
    </ClInclude>
    <ClInclude Include="Extern.h">
      <Filter>Header Files</Filter>
    </ClInclude>
    <ClInclude Include="global.h">
      <Filter>Header Files</Filter>
    </ClInclude>
    <ClInclude Include="Guild.h">
      <Filter>Header Files</Filter>
    </ClInclude>
    <ClInclude Include="GuildFortress.h">
      <Filter>Header Files</Filter>
    </ClInclude>
    <ClInclude Include="GuildFortressSet.h">
      <Filter>Header Files</Filter>
    </ClInclude>
    <ClInclude Include="GuildFortressTaxSet.h">
      <Filter>Header Files</Filter>
    </ClInclude>
    <ClInclude Include="GuildHouse.h">
      <Filter>Header Files</Filter>
    </ClInclude>
    <ClInclude Include="GuildHouseRankSet.h">
      <Filter>Header Files</Filter>
    </ClInclude>
    <ClInclude Include="GuildHouseSet.h">
      <Filter>Header Files</Filter>
    </ClInclude>
    <ClInclude Include="GuildHouseWar.h">
      <Filter>Header Files</Filter>
    </ClInclude>
    <ClInclude Include="GuildMapInfoSet.h">
      <Filter>Header Files</Filter>
    </ClInclude>
    <ClInclude Include="GuildMapInfoTable.h">
      <Filter>Header Files</Filter>
    </ClInclude>
    <ClInclude Include="GuildStoreSet.h">
      <Filter>Header Files</Filter>
    </ClInclude>
    <ClInclude Include="GuildStoreTable.h">
      <Filter>Header Files</Filter>
    </ClInclude>
    <ClInclude Include="GuildUser.h">
      <Filter>Header Files</Filter>
    </ClInclude>
    <ClInclude Include="Hyper.h">
      <Filter>Header Files</Filter>
    </ClInclude>
    <ClInclude Include="InitItemTableSet.h">
      <Filter>Header Files</Filter>
    </ClInclude>
    <ClInclude Include="IOCPBASE.h">
      <Filter>Header Files</Filter>
    </ClInclude>
    <ClInclude Include="IOCPSocket.h">
      <Filter>Header Files</Filter>
    </ClInclude>
    <ClInclude Include="Item.h">
      <Filter>Header Files</Filter>
    </ClInclude>
    <ClInclude Include="ItemTable.h">
      <Filter>Header Files</Filter>
    </ClInclude>
    <ClInclude Include="ItemTableSet.h">
      <Filter>Header Files</Filter>
    </ClInclude>
    <ClInclude Include="JvCryption.h">
      <Filter>Header Files</Filter>
    </ClInclude>
    <ClInclude Include="LevelUpTable.h">
      <Filter>Header Files</Filter>
    </ClInclude>
    <ClInclude Include="LevelUpTableSet.h">
      <Filter>Header Files</Filter>
    </ClInclude>
    <ClInclude Include="LOGIC.h">
      <Filter>Header Files</Filter>
    </ClInclude>
    <ClInclude Include="LOGIC_ELSE.h">
      <Filter>Header Files</Filter>
    </ClInclude>
    <ClInclude Include="MagicItemTable.h">
      <Filter>Header Files</Filter>
    </ClInclude>
    <ClInclude Include="MagicItemTableSet.h">
      <Filter>Header Files</Filter>
    </ClInclude>
    <ClInclude Include="MAP.h">
      <Filter>Header Files</Filter>
    </ClInclude>
    <ClInclude Include="Mcommon.h">
      <Filter>Header Files</Filter>
    </ClInclude>
    <ClInclude Include="MechanicStoreSet.h">
      <Filter>Header Files</Filter>
    </ClInclude>
    <ClInclude Include="MemUser.h">
      <Filter>Header Files</Filter>
    </ClInclude>
    <ClInclude Include="MonsterPsiSet.h">
      <Filter>Header Files</Filter>
    </ClInclude>
    <ClInclude Include="MyDB.h">
      <Filter>Header Files</Filter>
    </ClInclude>
    <ClInclude Include="Npc.h">
      <Filter>Header Files</Filter>
    </ClInclude>
    <ClInclude Include="NpcChat.h">
      <Filter>Header Files</Filter>
    </ClInclude>
    <ClInclude Include="NpcChatSet.h">
      <Filter>Header Files</Filter>
    </ClInclude>
    <ClInclude Include="NpcItem.h">
      <Filter>Header Files</Filter>
    </ClInclude>
    <ClInclude Include="NpcItemSet.h">
      <Filter>Header Files</Filter>
    </ClInclude>
    <ClInclude Include="NpcPosSet.h">
      <Filter>Header Files</Filter>
    </ClInclude>
    <ClInclude Include="NpcSayEventSet.h">
      <Filter>Header Files</Filter>
    </ClInclude>
    <ClInclude Include="NpcSayTable.h">
      <Filter>Header Files</Filter>
    </ClInclude>
    <ClInclude Include="NpcTable.h">
      <Filter>Header Files</Filter>
    </ClInclude>
    <ClInclude Include="NpcTableSet.h">
      <Filter>Header Files</Filter>
    </ClInclude>
    <ClInclude Include="NpcThread.h">
      <Filter>Header Files</Filter>
    </ClInclude>
    <ClInclude Include="ov.h">
      <Filter>Header Files</Filter>
    </ClInclude>
    <ClInclude Include="Packet.h">
      <Filter>Header Files</Filter>
    </ClInclude>
    <ClInclude Include="PAMAExp.h">
      <Filter>Header Files</Filter>
    </ClInclude>
    <ClInclude Include="PAMAExpSet.h">
      <Filter>Header Files</Filter>
    </ClInclude>
    <ClInclude Include="Path.h">
      <Filter>Header Files</Filter>
    </ClInclude>
    <ClInclude Include="PathFind.h">
      <Filter>Header Files</Filter>
    </ClInclude>
    <ClInclude Include="PoolBase.h">
      <Filter>Header Files</Filter>
    </ClInclude>
    <ClInclude Include="PsiStoreSet.h">
      <Filter>Header Files</Filter>
    </ClInclude>
    <ClInclude Include="PsiTable.h">
      <Filter>Header Files</Filter>
    </ClInclude>
    <ClInclude Include="PsiTableSet.h">
      <Filter>Header Files</Filter>
    </ClInclude>
    <ClInclude Include="Recover.h">
      <Filter>Header Files</Filter>
    </ClInclude>
    <ClInclude Include="RecoverRate.h">
      <Filter>Header Files</Filter>
    </ClInclude>
    <ClInclude Include="RecoverRateSet.h">
      <Filter>Header Files</Filter>
    </ClInclude>
    <ClInclude Include="RecoverSet.h">
      <Filter>Header Files</Filter>
    </ClInclude>
    <ClInclude Include="Remodeling02TableSet.h">
      <Filter>Header Files</Filter>
    </ClInclude>
    <ClInclude Include="Remodeling03TableSet.h">
      <Filter>Header Files</Filter>
    </ClInclude>
    <ClInclude Include="RemodelingTable.h">
      <Filter>Header Files</Filter>
    </ClInclude>
    <ClInclude Include="RemodelingTableSet.h">
      <Filter>Header Files</Filter>
    </ClInclude>
    <ClInclude Include="Resource.h">
      <Filter>Header Files</Filter>
    </ClInclude>
    <ClInclude Include="RoyalRumble.h">
      <Filter>Header Files</Filter>
    </ClInclude>
    <ClInclude Include="RoyalRumbleUser.h">
      <Filter>Header Files</Filter>
    </ClInclude>
    <ClInclude Include="SCDefine.h">
      <Filter>Header Files</Filter>
    </ClInclude>
    <ClInclude Include="Search.h">
      <Filter>Header Files</Filter>
    </ClInclude>
    <ClInclude Include="Server.h">
      <Filter>Header Files</Filter>
    </ClInclude>
    <ClInclude Include="ServerDlg.h">
      <Filter>Header Files</Filter>
    </ClInclude>
    <ClInclude Include="SERVERINFO.h">
      <Filter>Header Files</Filter>
    </ClInclude>
    <ClInclude Include="SharedMemory.h">
      <Filter>Header Files</Filter>
    </ClInclude>
    <ClInclude Include="SharedQueue.h">
      <Filter>Header Files</Filter>
    </ClInclude>
    <ClInclude Include="ShopSystem.h">
      <Filter>Header Files</Filter>
    </ClInclude>
    <ClInclude Include="sinstance.h">
      <Filter>Header Files</Filter>
    </ClInclude>
    <ClInclude Include="SkillTable.h">
      <Filter>Header Files</Filter>
    </ClInclude>
    <ClInclude Include="SkillTableSet.h">
      <Filter>Header Files</Filter>
    </ClInclude>
    <ClInclude Include="SockDataList.h">
      <Filter>Header Files</Filter>
    </ClInclude>
    <ClInclude Include="SocketManager.h">
      <Filter>Header Files</Filter>
    </ClInclude>
    <ClInclude Include="SResourceArray.h">
      <Filter>Header Files</Filter>
    </ClInclude>
    <ClInclude Include="SSocket.h">
      <Filter>Header Files</Filter>
    </ClInclude>
    <ClInclude Include="StdAfx.h">
      <Filter>Header Files</Filter>
    </ClInclude>
    <ClInclude Include="Store.h">
      <Filter>Header Files</Filter>
    </ClInclude>
    <ClInclude Include="StoreRepairSet.h">
      <Filter>Header Files</Filter>
    </ClInclude>
    <ClInclude Include="StoreSellSet.h">
      <Filter>Header Files</Filter>
    </ClInclude>
    <ClInclude Include="StoreSet.h">
      <Filter>Header Files</Filter>
    </ClInclude>
    <ClInclude Include="SummonTable.h">
      <Filter>Header Files</Filter>
    </ClInclude>
    <ClInclude Include="TableItem.h">
      <Filter>Header Files</Filter>
    </ClInclude>
    <ClInclude Include="ThrowItem.h">
      <Filter>Header Files</Filter>
    </ClInclude>
    <ClInclude Include="TownPotalTableSet.h">
      <Filter>Header Files</Filter>
    </ClInclude>
    <ClInclude Include="UNI_CHAR.h">
      <Filter>Header Files</Filter>
    </ClInclude>
    <ClInclude Include="UResourceArray.h">
      <Filter>Header Files</Filter>
    </ClInclude>
    <ClInclude Include="USER.h">
      <Filter>Header Files</Filter>
    </ClInclude>
    <ClInclude Include="UserLevelUpSet.h">
      <Filter>Header Files</Filter>
    </ClInclude>
    <ClInclude Include="UserLevelUpTable.h">
      <Filter>Header Files</Filter>
    </ClInclude>
    <ClInclude Include="UserManager.h">
      <Filter>Header Files</Filter>
    </ClInclude>
    <ClInclude Include="ValItemTable.h">
      <Filter>Header Files</Filter>
    </ClInclude>
    <ClInclude Include="ValItemTableSet.h">
      <Filter>Header Files</Filter>
    </ClInclude>
    <ClInclude Include="VirtualRoom.h">
      <Filter>Header Files</Filter>
    </ClInclude>
    <ClInclude Include="ZoneInfoSet.h">
      <Filter>Header Files</Filter>
    </ClInclude>
  </ItemGroup>
  <ItemGroup>
    <Image Include="res\Server.ico">
      <Filter>Resource Files</Filter>
    </Image>
  </ItemGroup>
  <ItemGroup>
    <None Include="res\Server.rc2">
      <Filter>Resource Files</Filter>
    </None>
  </ItemGroup>
  <ItemGroup>
    <Text Include="Help_yskang.txt" />
    <Text Include="ReadMe.txt" />
  </ItemGroup>
  <ItemGroup>
    <Library Include="IMPLODE.LIB" />
  </ItemGroup>
  <ItemGroup>
    <CustomBuild Include="BufferEx.h">
      <Filter>Header Files</Filter>
    </CustomBuild>
  </ItemGroup>
</Project>