<?xml version="1.0" encoding="utf-8"?>
<Project ToolsVersion="4.0" xmlns="http://schemas.microsoft.com/developer/msbuild/2003">
  <ItemGroup>
    <Filter Include="Source Files">
      <UniqueIdentifier>{2faa205a-6f14-427e-a765-3687ca196f27}</UniqueIdentifier>
      <Extensions>cpp;c;cxx;rc;def;r;odl;idl;hpj;bat</Extensions>
    </Filter>
    <Filter Include="Header Files">
      <UniqueIdentifier>{10fb27d1-2991-48a5-8a1b-217c9ccfcbfe}</UniqueIdentifier>
      <Extensions>h;hpp;hxx;hm;inl</Extensions>
    </Filter>
    <Filter Include="Resource Files">
      <UniqueIdentifier>{811bfe53-ab6b-460d-91a2-76e24ee35926}</UniqueIdentifier>
      <Extensions>ico;cur;bmp;dlg;rc2;rct;bin;cnt;rtf;gif;jpg;jpeg;jpe</Extensions>
    </Filter>
  </ItemGroup>
  <ItemGroup>
    <ClCompile Include="AddFileDlg.cpp">
      <Filter>Source Files</Filter>
    </ClCompile>
    <ClCompile Include="BadIDDlg.cpp">
      <Filter>Source Files</Filter>
    </ClCompile>
    <ClCompile Include="BadIDSet.cpp">
      <Filter>Source Files</Filter>
    </ClCompile>
    <ClCompile Include="BadSerialSet.cpp">
      <Filter>Source Files</Filter>
    </ClCompile>
    <ClCompile Include="BankSerialDlg.cpp">
      <Filter>Source Files</Filter>
    </ClCompile>
    <ClCompile Include="BankSerialSet.cpp">
      <Filter>Source Files</Filter>
    </ClCompile>
    <ClCompile Include="BankSet.cpp">
      <Filter>Source Files</Filter>
    </ClCompile>
    <ClCompile Include="BillDate.cpp">
      <Filter>Source Files</Filter>
    </ClCompile>
    <ClCompile Include="ClientDlg.cpp">
      <Filter>Source Files</Filter>
    </ClCompile>
    <ClCompile Include="ClientListDlg.cpp">
      <Filter>Source Files</Filter>
    </ClCompile>
    <ClCompile Include="ClientLogSet.cpp">
      <Filter>Source Files</Filter>
    </ClCompile>
    <ClCompile Include="ClientPayDlg.cpp">
      <Filter>Source Files</Filter>
    </ClCompile>
    <ClCompile Include="ClientPaySet.cpp">
      <Filter>Source Files</Filter>
    </ClCompile>
    <ClCompile Include="ClientSelectDlg.cpp">
      <Filter>Source Files</Filter>
    </ClCompile>
    <ClCompile Include="ClientSerialSet.cpp">
      <Filter>Source Files</Filter>
    </ClCompile>
    <ClCompile Include="ClientSet.cpp">
      <Filter>Source Files</Filter>
    </ClCompile>
    <ClCompile Include="ClientSock.cpp">
      <Filter>Source Files</Filter>
    </ClCompile>
    <ClCompile Include="ConfigFMPage.cpp">
      <Filter>Source Files</Filter>
    </ClCompile>
    <ClCompile Include="ConfigGSPage.cpp">
      <Filter>Source Files</Filter>
    </ClCompile>
    <ClCompile Include="ConfigSheet.cpp">
      <Filter>Source Files</Filter>
    </ClCompile>
    <ClCompile Include="ConfigSMPage.cpp">
      <Filter>Source Files</Filter>
    </ClCompile>
    <ClCompile Include="ConfigUMPage.cpp">
      <Filter>Source Files</Filter>
    </ClCompile>
    <ClCompile Include="ConvSerialDlg.cpp">
      <Filter>Source Files</Filter>
    </ClCompile>
    <ClCompile Include="Count.cpp">
      <Filter>Source Files</Filter>
    </ClCompile>
    <ClCompile Include="CountView.cpp">
      <Filter>Source Files</Filter>
    </ClCompile>
    <ClCompile Include="CurrentUserSet.cpp">
      <Filter>Source Files</Filter>
    </ClCompile>
    <ClCompile Include="DeleteClientDlg.cpp">
      <Filter>Source Files</Filter>
    </ClCompile>
    <ClCompile Include="DelFileDlg.cpp">
      <Filter>Source Files</Filter>
    </ClCompile>
    <ClCompile Include="FileManager.cpp">
      <Filter>Source Files</Filter>
    </ClCompile>
    <ClCompile Include="FindBankDlg.cpp">
      <Filter>Source Files</Filter>
    </ClCompile>
    <ClCompile Include="FindUserDlg.cpp">
      <Filter>Source Files</Filter>
    </ClCompile>
    <ClCompile Include="LogDataSet.cpp">
      <Filter>Source Files</Filter>
    </ClCompile>
    <ClCompile Include="LoginDlg.cpp">
      <Filter>Source Files</Filter>
    </ClCompile>
    <ClCompile Include="LogSet.cpp">
      <Filter>Source Files</Filter>
    </ClCompile>
    <ClCompile Include="MainFrm.cpp">
      <Filter>Source Files</Filter>
    </ClCompile>
    <ClCompile Include="Msg.cpp">
      <Filter>Source Files</Filter>
    </ClCompile>
    <ClCompile Include="NewBankDlg.cpp">
      <Filter>Source Files</Filter>
    </ClCompile>
    <ClCompile Include="NewSerialDlg.cpp">
      <Filter>Source Files</Filter>
    </ClCompile>
    <ClCompile Include="NoticeSetDialog.cpp">
      <Filter>Source Files</Filter>
    </ClCompile>
    <ClCompile Include="NumSerialDlg.cpp">
      <Filter>Source Files</Filter>
    </ClCompile>
    <ClCompile Include="PatchVer.cpp">
      <Filter>Source Files</Filter>
    </ClCompile>
    <ClCompile Include="PayDetailDlg.cpp">
      <Filter>Source Files</Filter>
    </ClCompile>
    <ClCompile Include="PrintAddressDlg.cpp">
      <Filter>Source Files</Filter>
    </ClCompile>
    <ClCompile Include="PrintBillDlg.cpp">
      <Filter>Source Files</Filter>
    </ClCompile>
    <ClCompile Include="RegDlg.cpp">
      <Filter>Source Files</Filter>
    </ClCompile>
    <ClCompile Include="SearchClientDlg.cpp">
      <Filter>Source Files</Filter>
    </ClCompile>
    <ClCompile Include="SearchLogDlg.cpp">
      <Filter>Source Files</Filter>
    </ClCompile>
    <ClCompile Include="SelServerDlg.cpp">
      <Filter>Source Files</Filter>
    </ClCompile>
    <ClCompile Include="SelServiceDlg.cpp">
      <Filter>Source Files</Filter>
    </ClCompile>
    <ClCompile Include="SerialSet.cpp">
      <Filter>Source Files</Filter>
    </ClCompile>
    <ClCompile Include="Server.cpp">
      <Filter>Source Files</Filter>
    </ClCompile>
    <ClCompile Include="ServerConfigDlg.cpp">
      <Filter>Source Files</Filter>
    </ClCompile>
    <ClCompile Include="Service.cpp">
      <Filter>Source Files</Filter>
    </ClCompile>
    <ClCompile Include="ServiceConfigDlg.cpp">
      <Filter>Source Files</Filter>
    </ClCompile>
    <ClCompile Include="ServiceManager.cpp">
      <Filter>Source Files</Filter>
    </ClCompile>
    <ClCompile Include="ServiceManagerDoc.cpp">
      <Filter>Source Files</Filter>
    </ClCompile>
    <ClCompile Include="ServiceManagerView.cpp">
      <Filter>Source Files</Filter>
    </ClCompile>
    <ClCompile Include="Session.cpp">
      <Filter>Source Files</Filter>
    </ClCompile>
    <ClCompile Include="SessionDlg.cpp">
      <Filter>Source Files</Filter>
    </ClCompile>
    <ClCompile Include="StatusView.cpp">
      <Filter>Source Files</Filter>
    </ClCompile>
    <ClCompile Include="StdAfx.cpp">
      <Filter>Source Files</Filter>
    </ClCompile>
    <ClCompile Include="UserCountSet.cpp">
      <Filter>Source Files</Filter>
    </ClCompile>
    <ClCompile Include="UserDlg.cpp">
      <Filter>Source Files</Filter>
    </ClCompile>
    <ClCompile Include="UserManager.cpp">
      <Filter>Source Files</Filter>
    </ClCompile>
    <ClCompile Include="UserSet.cpp">
      <Filter>Source Files</Filter>
    </ClCompile>
    <ClCompile Include="VerSet.cpp">
      <Filter>Source Files</Filter>
    </ClCompile>
    <ClCompile Include="VersionDlg.cpp">
      <Filter>Source Files</Filter>
    </ClCompile>
    <ClCompile Include="ZipCompress.cpp">
      <Filter>Source Files</Filter>
    </ClCompile>
    <ClCompile Include="ZipFileViewDlg.cpp">
      <Filter>Source Files</Filter>
    </ClCompile>
  </ItemGroup>
  <ItemGroup>
    <ResourceCompile Include="ServiceManager.rc">
      <Filter>Source Files</Filter>
    </ResourceCompile>
  </ItemGroup>
  <ItemGroup>
    <ClInclude Include="AddFileDlg.h">
      <Filter>Header Files</Filter>
    </ClInclude>
    <ClInclude Include="BadIDDlg.h">
      <Filter>Header Files</Filter>
    </ClInclude>
    <ClInclude Include="BadIDSet.h">
      <Filter>Header Files</Filter>
    </ClInclude>
    <ClInclude Include="BadSerialSet.h">
      <Filter>Header Files</Filter>
    </ClInclude>
    <ClInclude Include="BankSerialDlg.h">
      <Filter>Header Files</Filter>
    </ClInclude>
    <ClInclude Include="BankSerialSet.h">
      <Filter>Header Files</Filter>
    </ClInclude>
    <ClInclude Include="BankSet.h">
      <Filter>Header Files</Filter>
    </ClInclude>
    <ClInclude Include="BillDate.h">
      <Filter>Header Files</Filter>
    </ClInclude>
    <ClInclude Include="ClientDlg.h">
      <Filter>Header Files</Filter>
    </ClInclude>
    <ClInclude Include="ClientListDlg.h">
      <Filter>Header Files</Filter>
    </ClInclude>
    <ClInclude Include="ClientLogSet.h">
      <Filter>Header Files</Filter>
    </ClInclude>
    <ClInclude Include="ClientPayDlg.h">
      <Filter>Header Files</Filter>
    </ClInclude>
    <ClInclude Include="ClientPaySet.h">
      <Filter>Header Files</Filter>
    </ClInclude>
    <ClInclude Include="ClientSelectDlg.h">
      <Filter>Header Files</Filter>
    </ClInclude>
    <ClInclude Include="ClientSerialSet.h">
      <Filter>Header Files</Filter>
    </ClInclude>
    <ClInclude Include="ClientSet.h">
      <Filter>Header Files</Filter>
    </ClInclude>
    <ClInclude Include="ClientSock.h">
      <Filter>Header Files</Filter>
    </ClInclude>
    <ClInclude Include="ColumnTitle.h">
      <Filter>Header Files</Filter>
    </ClInclude>
    <ClInclude Include="ConfigFMPage.h">
      <Filter>Header Files</Filter>
    </ClInclude>
    <ClInclude Include="ConfigGSPage.h">
      <Filter>Header Files</Filter>
    </ClInclude>
    <ClInclude Include="ConfigSheet.h">
      <Filter>Header Files</Filter>
    </ClInclude>
    <ClInclude Include="ConfigSMPage.h">
      <Filter>Header Files</Filter>
    </ClInclude>
    <ClInclude Include="ConfigUMPage.h">
      <Filter>Header Files</Filter>
    </ClInclude>
    <ClInclude Include="ConvSerialDlg.h">
      <Filter>Header Files</Filter>
    </ClInclude>
    <ClInclude Include="Count.h">
      <Filter>Header Files</Filter>
    </ClInclude>
    <ClInclude Include="CountView.h">
      <Filter>Header Files</Filter>
    </ClInclude>
    <ClInclude Include="CurrentUserSet.h">
      <Filter>Header Files</Filter>
    </ClInclude>
    <ClInclude Include="DeleteClientDlg.h">
      <Filter>Header Files</Filter>
    </ClInclude>
    <ClInclude Include="DelFileDlg.h">
      <Filter>Header Files</Filter>
    </ClInclude>
    <ClInclude Include="FileManager.h">
      <Filter>Header Files</Filter>
    </ClInclude>
    <ClInclude Include="FindBankDlg.h">
      <Filter>Header Files</Filter>
    </ClInclude>
    <ClInclude Include="FindUserDlg.h">
      <Filter>Header Files</Filter>
    </ClInclude>
    <ClInclude Include="LogDataSet.h">
      <Filter>Header Files</Filter>
    </ClInclude>
    <ClInclude Include="LoginDlg.h">
      <Filter>Header Files</Filter>
    </ClInclude>
    <ClInclude Include="LogSet.h">
      <Filter>Header Files</Filter>
    </ClInclude>
    <ClInclude Include="MainFrm.h">
      <Filter>Header Files</Filter>
    </ClInclude>
    <ClInclude Include="Msg.h">
      <Filter>Header Files</Filter>
    </ClInclude>
    <ClInclude Include="NewBankDlg.h">
      <Filter>Header Files</Filter>
    </ClInclude>
    <ClInclude Include="NewSerialDlg.h">
      <Filter>Header Files</Filter>
    </ClInclude>
    <ClInclude Include="NoticeSetDialog.h">
      <Filter>Header Files</Filter>
    </ClInclude>
    <ClInclude Include="NumSerialDlg.h">
      <Filter>Header Files</Filter>
    </ClInclude>
    <ClInclude Include="PatchVer.h">
      <Filter>Header Files</Filter>
    </ClInclude>
    <ClInclude Include="PayDetailDlg.h">
      <Filter>Header Files</Filter>
    </ClInclude>
    <ClInclude Include="PrintAddressDlg.h">
      <Filter>Header Files</Filter>
    </ClInclude>
    <ClInclude Include="PrintBillDlg.h">
      <Filter>Header Files</Filter>
    </ClInclude>
    <ClInclude Include="RegDlg.h">
      <Filter>Header Files</Filter>
    </ClInclude>
    <ClInclude Include="resource.h">
      <Filter>Header Files</Filter>
    </ClInclude>
    <ClInclude Include="SearchClientDlg.h">
      <Filter>Header Files</Filter>
    </ClInclude>
    <ClInclude Include="SearchLogDlg.h">
      <Filter>Header Files</Filter>
    </ClInclude>
    <ClInclude Include="SelServerDlg.h">
      <Filter>Header Files</Filter>
    </ClInclude>
    <ClInclude Include="SelServiceDlg.h">
      <Filter>Header Files</Filter>
    </ClInclude>
    <ClInclude Include="SerialSet.h">
      <Filter>Header Files</Filter>
    </ClInclude>
    <ClInclude Include="Server.h">
      <Filter>Header Files</Filter>
    </ClInclude>
    <ClInclude Include="ServerConfigDlg.h">
      <Filter>Header Files</Filter>
    </ClInclude>
    <ClInclude Include="Service.h">
      <Filter>Header Files</Filter>
    </ClInclude>
    <ClInclude Include="ServiceConfigDlg.h">
      <Filter>Header Files</Filter>
    </ClInclude>
    <ClInclude Include="ServiceManager.h">
      <Filter>Header Files</Filter>
    </ClInclude>
    <ClInclude Include="ServiceManagerDoc.h">
      <Filter>Header Files</Filter>
    </ClInclude>
    <ClInclude Include="ServiceManagerView.h">
      <Filter>Header Files</Filter>
    </ClInclude>
    <ClInclude Include="Session.h">
      <Filter>Header Files</Filter>
    </ClInclude>
    <ClInclude Include="SessionDlg.h">
      <Filter>Header Files</Filter>
    </ClInclude>
    <ClInclude Include="StatusConst.h">
      <Filter>Header Files</Filter>
    </ClInclude>
    <ClInclude Include="StatusView.h">
      <Filter>Header Files</Filter>
    </ClInclude>
    <ClInclude Include="StdAfx.h">
      <Filter>Header Files</Filter>
    </ClInclude>
    <ClInclude Include="UserCountSet.h">
      <Filter>Header Files</Filter>
    </ClInclude>
    <ClInclude Include="UserDlg.h">
      <Filter>Header Files</Filter>
    </ClInclude>
    <ClInclude Include="UserManager.h">
      <Filter>Header Files</Filter>
    </ClInclude>
    <ClInclude Include="UserSet.h">
      <Filter>Header Files</Filter>
    </ClInclude>
    <ClInclude Include="VerSet.h">
      <Filter>Header Files</Filter>
    </ClInclude>
    <ClInclude Include="VersionDlg.h">
      <Filter>Header Files</Filter>
    </ClInclude>
    <ClInclude Include="ZipCompress.h">
      <Filter>Header Files</Filter>
    </ClInclude>
    <ClInclude Include="ZipFileViewDlg.h">
      <Filter>Header Files</Filter>
    </ClInclude>
  </ItemGroup>
  <ItemGroup>
    <Image Include="res\bitmap1.bmp">
      <Filter>Resource Files</Filter>
    </Image>
    <Image Include="res\Logo.bmp">
      <Filter>Resource Files</Filter>
    </Image>
    <Image Include="res\ServiceManager.ico">
      <Filter>Resource Files</Filter>
    </Image>
    <Image Include="res\ServiceManagerDoc.ico">
      <Filter>Resource Files</Filter>
    </Image>
    <Image Include="res\Toolbar.bmp">
      <Filter>Resource Files</Filter>
    </Image>
  </ItemGroup>
  <ItemGroup>
    <Text Include="ReadMe.txt" />
  </ItemGroup>
  <ItemGroup>
    <CustomBuild Include="res\ServiceManager.rc2">
      <Filter>Resource Files</Filter>
    </CustomBuild>
    <CustomBuild Include="ServiceManager.reg" />
  </ItemGroup>
</Project>