
Microsoft Visual Studio Solution File, Format Version 12.00
# Visual Studio 2013
VisualStudioVersion = 12.0.40629.0
MinimumVisualStudioVersion = 10.0.40219.1
Project("{8BC9CEB8-8B4A-11D0-8D11-00A0C91BC942}") = "ServiceManager", "ServiceManager.vcxproj", "{20644D7C-024F-402F-B586-B292AD64492F}"
EndProject
Global
	GlobalSection(SolutionConfigurationPlatforms) = preSolution
		Debug|Win32 = Debug|Win32
		Release|Win32 = Release|Win32
		Static Release|Win32 = Static Release|Win32
		Template|Win32 = Template|Win32
	EndGlobalSection
	GlobalSection(ProjectConfigurationPlatforms) = postSolution
		{20644D7C-024F-402F-B586-B292AD64492F}.Debug|Win32.ActiveCfg = Debug|Win32
		{20644D7C-024F-402F-B586-B292AD64492F}.Debug|Win32.Build.0 = Debug|Win32
		{20644D7C-024F-402F-B586-B292AD64492F}.Release|Win32.ActiveCfg = Release|Win32
		{20644D7C-024F-402F-B586-B292AD64492F}.Release|Win32.Build.0 = Release|Win32
		{20644D7C-024F-402F-B586-B292AD64492F}.Static Release|Win32.ActiveCfg = Release|Win32
		{20644D7C-024F-402F-B586-B292AD64492F}.Static Release|Win32.Build.0 = Release|Win32
		{20644D7C-024F-402F-B586-B292AD64492F}.Template|Win32.ActiveCfg = Release|Win32
		{20644D7C-024F-402F-B586-B292AD64492F}.Template|Win32.Build.0 = Release|Win32
	EndGlobalSection
	GlobalSection(SolutionProperties) = preSolution
		HideSolutionNode = FALSE
	EndGlobalSection
EndGlobal
