<?xml version="1.0" encoding="utf-8"?>
<Project ToolsVersion="4.0" xmlns="http://schemas.microsoft.com/developer/msbuild/2003">
  <ItemGroup>
    <Filter Include="Generated Files">
      <UniqueIdentifier>{71ED8ED8-ACB9-4CE9-BBE1-E00B30144E11}</UniqueIdentifier>
      <Extensions>cpp;c;cxx;moc;h;def;odl;idl;res;</Extensions>
    </Filter>
    <Filter Include="Generated Files">
      <UniqueIdentifier>{71ED8ED8-ACB9-4CE9-BBE1-E00B30144E11}</UniqueIdentifier>
      <Extensions>cpp;c;cxx;moc;h;def;odl;idl;res;</Extensions>
    </Filter>
    <Filter Include="Header Files">
      <UniqueIdentifier>{93995380-89BD-4b04-88EB-625FBE52EBFB}</UniqueIdentifier>
      <Extensions>h;hpp;hxx;hm;inl;inc;xsd</Extensions>
    </Filter>
    <Filter Include="Header Files">
      <UniqueIdentifier>{93995380-89BD-4b04-88EB-625FBE52EBFB}</UniqueIdentifier>
      <Extensions>h;hpp;hxx;hm;inl;inc;xsd</Extensions>
    </Filter>
    <Filter Include="Source Files">
      <UniqueIdentifier>{4FC737F1-C7A5-4376-A066-2A32D752A2FF}</UniqueIdentifier>
      <Extensions>cpp;c;cxx;def;odl;idl;hpj;bat;asm;asmx</Extensions>
    </Filter>
    <Filter Include="Source Files">
      <UniqueIdentifier>{4FC737F1-C7A5-4376-A066-2A32D752A2FF}</UniqueIdentifier>
      <Extensions>cpp;c;cxx;def;odl;idl;hpj;bat;asm;asmx</Extensions>
    </Filter>
  </ItemGroup>
  <ItemGroup>
    <Filter Include="Source Files\sources" />
  </ItemGroup>
  <ItemGroup>
    <ClCompile Include="sources\AddFileDlg.cpp">
      <Filter>Source Files\sources</Filter>
    </ClCompile>
  </ItemGroup>
  <ItemGroup>
    <ClCompile Include="sources\BadIDDlg.cpp">
      <Filter>Source Files\sources</Filter>
    </ClCompile>
  </ItemGroup>
  <ItemGroup>
    <ClCompile Include="sources\BadIDSet.cpp">
      <Filter>Source Files\sources</Filter>
    </ClCompile>
  </ItemGroup>
  <ItemGroup>
    <ClCompile Include="sources\BadSerialSet.cpp">
      <Filter>Source Files\sources</Filter>
    </ClCompile>
  </ItemGroup>
  <ItemGroup>
    <ClCompile Include="sources\BankSerialDlg.cpp">
      <Filter>Source Files\sources</Filter>
    </ClCompile>
  </ItemGroup>
  <ItemGroup>
    <ClCompile Include="sources\BankSerialSet.cpp">
      <Filter>Source Files\sources</Filter>
    </ClCompile>
  </ItemGroup>
  <ItemGroup>
    <ClCompile Include="sources\BankSet.cpp">
      <Filter>Source Files\sources</Filter>
    </ClCompile>
  </ItemGroup>
  <ItemGroup>
    <ClCompile Include="sources\BillDate.cpp">
      <Filter>Source Files\sources</Filter>
    </ClCompile>
  </ItemGroup>
  <ItemGroup>
    <ClCompile Include="sources\ClientDlg.cpp">
      <Filter>Source Files\sources</Filter>
    </ClCompile>
  </ItemGroup>
  <ItemGroup>
    <ClCompile Include="sources\ClientListDlg.cpp">
      <Filter>Source Files\sources</Filter>
    </ClCompile>
  </ItemGroup>
  <ItemGroup>
    <ClCompile Include="sources\ClientLogSet.cpp">
      <Filter>Source Files\sources</Filter>
    </ClCompile>
  </ItemGroup>
  <ItemGroup>
    <ClCompile Include="sources\ClientPayDlg.cpp">
      <Filter>Source Files\sources</Filter>
    </ClCompile>
  </ItemGroup>
  <ItemGroup>
    <ClCompile Include="sources\ClientPaySet.cpp">
      <Filter>Source Files\sources</Filter>
    </ClCompile>
  </ItemGroup>
  <ItemGroup>
    <ClCompile Include="sources\ClientSelectDlg.cpp">
      <Filter>Source Files\sources</Filter>
    </ClCompile>
  </ItemGroup>
  <ItemGroup>
    <ClCompile Include="sources\ClientSerialSet.cpp">
      <Filter>Source Files\sources</Filter>
    </ClCompile>
  </ItemGroup>
  <ItemGroup>
    <ClCompile Include="sources\ClientSet.cpp">
      <Filter>Source Files\sources</Filter>
    </ClCompile>
  </ItemGroup>
  <ItemGroup>
    <ClCompile Include="sources\ClientSock.cpp">
      <Filter>Source Files\sources</Filter>
    </ClCompile>
  </ItemGroup>
  <ItemGroup>
    <ClCompile Include="sources\ConfigFMPage.cpp">
      <Filter>Source Files\sources</Filter>
    </ClCompile>
  </ItemGroup>
  <ItemGroup>
    <ClCompile Include="sources\ConfigGSPage.cpp">
      <Filter>Source Files\sources</Filter>
    </ClCompile>
  </ItemGroup>
  <ItemGroup>
    <ClCompile Include="sources\ConfigSMPage.cpp">
      <Filter>Source Files\sources</Filter>
    </ClCompile>
  </ItemGroup>
  <ItemGroup>
    <ClCompile Include="sources\ConfigSheet.cpp">
      <Filter>Source Files\sources</Filter>
    </ClCompile>
  </ItemGroup>
  <ItemGroup>
    <ClCompile Include="sources\ConfigUMPage.cpp">
      <Filter>Source Files\sources</Filter>
    </ClCompile>
  </ItemGroup>
  <ItemGroup>
    <ClCompile Include="sources\ConvSerialDlg.cpp">
      <Filter>Source Files\sources</Filter>
    </ClCompile>
  </ItemGroup>
  <ItemGroup>
    <ClCompile Include="sources\Count.cpp">
      <Filter>Source Files\sources</Filter>
    </ClCompile>
  </ItemGroup>
  <ItemGroup>
    <ClCompile Include="sources\CountView.cpp">
      <Filter>Source Files\sources</Filter>
    </ClCompile>
  </ItemGroup>
  <ItemGroup>
    <ClCompile Include="sources\CurrentUserSet.cpp">
      <Filter>Source Files\sources</Filter>
    </ClCompile>
  </ItemGroup>
  <ItemGroup>
    <ClCompile Include="sources\DelFileDlg.cpp">
      <Filter>Source Files\sources</Filter>
    </ClCompile>
  </ItemGroup>
  <ItemGroup>
    <ClCompile Include="sources\DeleteClientDlg.cpp">
      <Filter>Source Files\sources</Filter>
    </ClCompile>
  </ItemGroup>
  <ItemGroup>
    <ClCompile Include="sources\FileManager.cpp">
      <Filter>Source Files\sources</Filter>
    </ClCompile>
  </ItemGroup>
  <ItemGroup>
    <ClCompile Include="sources\FindBankDlg.cpp">
      <Filter>Source Files\sources</Filter>
    </ClCompile>
  </ItemGroup>
  <ItemGroup>
    <ClCompile Include="sources\FindUserDlg.cpp">
      <Filter>Source Files\sources</Filter>
    </ClCompile>
  </ItemGroup>
  <ItemGroup>
    <ClCompile Include="sources\LogDataSet.cpp">
      <Filter>Source Files\sources</Filter>
    </ClCompile>
  </ItemGroup>
  <ItemGroup>
    <ClCompile Include="sources\LogSet.cpp">
      <Filter>Source Files\sources</Filter>
    </ClCompile>
  </ItemGroup>
  <ItemGroup>
    <ClCompile Include="sources\LoginDlg.cpp">
      <Filter>Source Files\sources</Filter>
    </ClCompile>
  </ItemGroup>
  <ItemGroup>
    <ClCompile Include="sources\MainFrm.cpp">
      <Filter>Source Files\sources</Filter>
    </ClCompile>
  </ItemGroup>
  <ItemGroup>
    <ClCompile Include="sources\Msg.cpp">
      <Filter>Source Files\sources</Filter>
    </ClCompile>
  </ItemGroup>
  <ItemGroup>
    <ClCompile Include="sources\NewBankDlg.cpp">
      <Filter>Source Files\sources</Filter>
    </ClCompile>
  </ItemGroup>
  <ItemGroup>
    <ClCompile Include="sources\NewSerialDlg.cpp">
      <Filter>Source Files\sources</Filter>
    </ClCompile>
  </ItemGroup>
  <ItemGroup>
    <ClCompile Include="sources\NoticeSetDialog.cpp">
      <Filter>Source Files\sources</Filter>
    </ClCompile>
  </ItemGroup>
  <ItemGroup>
    <ClCompile Include="sources\NumSerialDlg.cpp">
      <Filter>Source Files\sources</Filter>
    </ClCompile>
  </ItemGroup>
  <ItemGroup>
    <ClCompile Include="sources\PatchVer.cpp">
      <Filter>Source Files\sources</Filter>
    </ClCompile>
  </ItemGroup>
  <ItemGroup>
    <ClCompile Include="sources\PayDetailDlg.cpp">
      <Filter>Source Files\sources</Filter>
    </ClCompile>
  </ItemGroup>
  <ItemGroup>
    <ClCompile Include="sources\PrintAddressDlg.cpp">
      <Filter>Source Files\sources</Filter>
    </ClCompile>
  </ItemGroup>
  <ItemGroup>
    <ClCompile Include="sources\PrintBillDlg.cpp">
      <Filter>Source Files\sources</Filter>
    </ClCompile>
  </ItemGroup>
  <ItemGroup>
    <ClCompile Include="sources\RegDlg.cpp">
      <Filter>Source Files\sources</Filter>
    </ClCompile>
  </ItemGroup>
  <ItemGroup>
    <ClCompile Include="sources\SearchClientDlg.cpp">
      <Filter>Source Files\sources</Filter>
    </ClCompile>
  </ItemGroup>
  <ItemGroup>
    <ClCompile Include="sources\SearchLogDlg.cpp">
      <Filter>Source Files\sources</Filter>
    </ClCompile>
  </ItemGroup>
  <ItemGroup>
    <ClCompile Include="sources\SelServerDlg.cpp">
      <Filter>Source Files\sources</Filter>
    </ClCompile>
  </ItemGroup>
  <ItemGroup>
    <ClCompile Include="sources\SelServiceDlg.cpp">
      <Filter>Source Files\sources</Filter>
    </ClCompile>
  </ItemGroup>
  <ItemGroup>
    <ClCompile Include="sources\SerialSet.cpp">
      <Filter>Source Files\sources</Filter>
    </ClCompile>
  </ItemGroup>
  <ItemGroup>
    <ClCompile Include="sources\Server.cpp">
      <Filter>Source Files\sources</Filter>
    </ClCompile>
  </ItemGroup>
  <ItemGroup>
    <ClCompile Include="sources\ServerConfigDlg.cpp">
      <Filter>Source Files\sources</Filter>
    </ClCompile>
  </ItemGroup>
  <ItemGroup>
    <ClCompile Include="sources\Service.cpp">
      <Filter>Source Files\sources</Filter>
    </ClCompile>
  </ItemGroup>
  <ItemGroup>
    <ClCompile Include="sources\ServiceConfigDlg.cpp">
      <Filter>Source Files\sources</Filter>
    </ClCompile>
  </ItemGroup>
  <ItemGroup>
    <ClCompile Include="sources\ServiceManager.cpp">
      <Filter>Source Files\sources</Filter>
    </ClCompile>
  </ItemGroup>
  <ItemGroup>
    <ClCompile Include="sources\ServiceManagerDoc.cpp">
      <Filter>Source Files\sources</Filter>
    </ClCompile>
  </ItemGroup>
  <ItemGroup>
    <ClCompile Include="sources\ServiceManagerView.cpp">
      <Filter>Source Files\sources</Filter>
    </ClCompile>
  </ItemGroup>
  <ItemGroup>
    <ClCompile Include="sources\Session.cpp">
      <Filter>Source Files\sources</Filter>
    </ClCompile>
  </ItemGroup>
  <ItemGroup>
    <ClCompile Include="sources\SessionDlg.cpp">
      <Filter>Source Files\sources</Filter>
    </ClCompile>
  </ItemGroup>
  <ItemGroup>
    <ClCompile Include="sources\StatusView.cpp">
      <Filter>Source Files\sources</Filter>
    </ClCompile>
  </ItemGroup>
  <ItemGroup>
    <ClCompile Include="sources\UserCountSet.cpp">
      <Filter>Source Files\sources</Filter>
    </ClCompile>
  </ItemGroup>
  <ItemGroup>
    <ClCompile Include="sources\UserDlg.cpp">
      <Filter>Source Files\sources</Filter>
    </ClCompile>
  </ItemGroup>
  <ItemGroup>
    <ClCompile Include="sources\UserManager.cpp">
      <Filter>Source Files\sources</Filter>
    </ClCompile>
  </ItemGroup>
  <ItemGroup>
    <ClCompile Include="sources\UserSet.cpp">
      <Filter>Source Files\sources</Filter>
    </ClCompile>
  </ItemGroup>
  <ItemGroup>
    <ClCompile Include="sources\VerSet.cpp">
      <Filter>Source Files\sources</Filter>
    </ClCompile>
  </ItemGroup>
  <ItemGroup>
    <ClCompile Include="sources\VersionDlg.cpp">
      <Filter>Source Files\sources</Filter>
    </ClCompile>
  </ItemGroup>
  <ItemGroup>
    <ClCompile Include="sources\ZipCompress.cpp">
      <Filter>Source Files\sources</Filter>
    </ClCompile>
  </ItemGroup>
  <ItemGroup>
    <ClCompile Include="sources\ZipFileViewDlg.cpp">
      <Filter>Source Files\sources</Filter>
    </ClCompile>
  </ItemGroup>
  <ItemGroup>
    <Filter Include="Header Files\sources" />
  </ItemGroup>
  <ItemGroup>
    <ClInclude Include="sources\AddFileDlg.h">
      <Filter>Header Files\sources</Filter>
    </ClInclude>
  </ItemGroup>
  <ItemGroup>
    <ClInclude Include="sources\BadIDDlg.h">
      <Filter>Header Files\sources</Filter>
    </ClInclude>
  </ItemGroup>
  <ItemGroup>
    <ClInclude Include="sources\BadIDSet.h">
      <Filter>Header Files\sources</Filter>
    </ClInclude>
  </ItemGroup>
  <ItemGroup>
    <ClInclude Include="sources\BadSerialSet.h">
      <Filter>Header Files\sources</Filter>
    </ClInclude>
  </ItemGroup>
  <ItemGroup>
    <ClInclude Include="sources\BankSerialDlg.h">
      <Filter>Header Files\sources</Filter>
    </ClInclude>
  </ItemGroup>
  <ItemGroup>
    <ClInclude Include="sources\BankSerialSet.h">
      <Filter>Header Files\sources</Filter>
    </ClInclude>
  </ItemGroup>
  <ItemGroup>
    <ClInclude Include="sources\BankSet.h">
      <Filter>Header Files\sources</Filter>
    </ClInclude>
  </ItemGroup>
  <ItemGroup>
    <ClInclude Include="sources\BillDate.h">
      <Filter>Header Files\sources</Filter>
    </ClInclude>
  </ItemGroup>
  <ItemGroup>
    <ClInclude Include="sources\ClientDlg.h">
      <Filter>Header Files\sources</Filter>
    </ClInclude>
  </ItemGroup>
  <ItemGroup>
    <ClInclude Include="sources\ClientListDlg.h">
      <Filter>Header Files\sources</Filter>
    </ClInclude>
  </ItemGroup>
  <ItemGroup>
    <ClInclude Include="sources\ClientLogSet.h">
      <Filter>Header Files\sources</Filter>
    </ClInclude>
  </ItemGroup>
  <ItemGroup>
    <ClInclude Include="sources\ClientPayDlg.h">
      <Filter>Header Files\sources</Filter>
    </ClInclude>
  </ItemGroup>
  <ItemGroup>
    <ClInclude Include="sources\ClientPaySet.h">
      <Filter>Header Files\sources</Filter>
    </ClInclude>
  </ItemGroup>
  <ItemGroup>
    <ClInclude Include="sources\ClientSelectDlg.h">
      <Filter>Header Files\sources</Filter>
    </ClInclude>
  </ItemGroup>
  <ItemGroup>
    <ClInclude Include="sources\ClientSerialSet.h">
      <Filter>Header Files\sources</Filter>
    </ClInclude>
  </ItemGroup>
  <ItemGroup>
    <ClInclude Include="sources\ClientSet.h">
      <Filter>Header Files\sources</Filter>
    </ClInclude>
  </ItemGroup>
  <ItemGroup>
    <ClInclude Include="sources\ClientSock.h">
      <Filter>Header Files\sources</Filter>
    </ClInclude>
  </ItemGroup>
  <ItemGroup>
    <ClInclude Include="sources\ColumnTitle.h">
      <Filter>Header Files\sources</Filter>
    </ClInclude>
  </ItemGroup>
  <ItemGroup>
    <ClInclude Include="sources\ConfigFMPage.h">
      <Filter>Header Files\sources</Filter>
    </ClInclude>
  </ItemGroup>
  <ItemGroup>
    <ClInclude Include="sources\ConfigGSPage.h">
      <Filter>Header Files\sources</Filter>
    </ClInclude>
  </ItemGroup>
  <ItemGroup>
    <ClInclude Include="sources\ConfigSMPage.h">
      <Filter>Header Files\sources</Filter>
    </ClInclude>
  </ItemGroup>
  <ItemGroup>
    <ClInclude Include="sources\ConfigSheet.h">
      <Filter>Header Files\sources</Filter>
    </ClInclude>
  </ItemGroup>
  <ItemGroup>
    <ClInclude Include="sources\ConfigUMPage.h">
      <Filter>Header Files\sources</Filter>
    </ClInclude>
  </ItemGroup>
  <ItemGroup>
    <ClInclude Include="sources\ConvSerialDlg.h">
      <Filter>Header Files\sources</Filter>
    </ClInclude>
  </ItemGroup>
  <ItemGroup>
    <ClInclude Include="sources\Count.h">
      <Filter>Header Files\sources</Filter>
    </ClInclude>
  </ItemGroup>
  <ItemGroup>
    <ClInclude Include="sources\CountView.h">
      <Filter>Header Files\sources</Filter>
    </ClInclude>
  </ItemGroup>
  <ItemGroup>
    <ClInclude Include="sources\CurrentUserSet.h">
      <Filter>Header Files\sources</Filter>
    </ClInclude>
  </ItemGroup>
  <ItemGroup>
    <ClInclude Include="sources\DelFileDlg.h">
      <Filter>Header Files\sources</Filter>
    </ClInclude>
  </ItemGroup>
  <ItemGroup>
    <ClInclude Include="sources\DeleteClientDlg.h">
      <Filter>Header Files\sources</Filter>
    </ClInclude>
  </ItemGroup>
  <ItemGroup>
    <ClInclude Include="sources\FileManager.h">
      <Filter>Header Files\sources</Filter>
    </ClInclude>
  </ItemGroup>
  <ItemGroup>
    <ClInclude Include="sources\FindBankDlg.h">
      <Filter>Header Files\sources</Filter>
    </ClInclude>
  </ItemGroup>
  <ItemGroup>
    <ClInclude Include="sources\FindUserDlg.h">
      <Filter>Header Files\sources</Filter>
    </ClInclude>
  </ItemGroup>
  <ItemGroup>
    <ClInclude Include="sources\LogDataSet.h">
      <Filter>Header Files\sources</Filter>
    </ClInclude>
  </ItemGroup>
  <ItemGroup>
    <ClInclude Include="sources\LogSet.h">
      <Filter>Header Files\sources</Filter>
    </ClInclude>
  </ItemGroup>
  <ItemGroup>
    <ClInclude Include="sources\LoginDlg.h">
      <Filter>Header Files\sources</Filter>
    </ClInclude>
  </ItemGroup>
  <ItemGroup>
    <ClInclude Include="sources\MainFrm.h">
      <Filter>Header Files\sources</Filter>
    </ClInclude>
  </ItemGroup>
  <ItemGroup>
    <ClInclude Include="sources\Msg.h">
      <Filter>Header Files\sources</Filter>
    </ClInclude>
  </ItemGroup>
  <ItemGroup>
    <ClInclude Include="sources\NewBankDlg.h">
      <Filter>Header Files\sources</Filter>
    </ClInclude>
  </ItemGroup>
  <ItemGroup>
    <ClInclude Include="sources\NewSerialDlg.h">
      <Filter>Header Files\sources</Filter>
    </ClInclude>
  </ItemGroup>
  <ItemGroup>
    <ClInclude Include="sources\NoticeSetDialog.h">
      <Filter>Header Files\sources</Filter>
    </ClInclude>
  </ItemGroup>
  <ItemGroup>
    <ClInclude Include="sources\NumSerialDlg.h">
      <Filter>Header Files\sources</Filter>
    </ClInclude>
  </ItemGroup>
  <ItemGroup>
    <ClInclude Include="sources\PatchVer.h">
      <Filter>Header Files\sources</Filter>
    </ClInclude>
  </ItemGroup>
  <ItemGroup>
    <ClInclude Include="sources\PayDetailDlg.h">
      <Filter>Header Files\sources</Filter>
    </ClInclude>
  </ItemGroup>
  <ItemGroup>
    <ClInclude Include="sources\PrintAddressDlg.h">
      <Filter>Header Files\sources</Filter>
    </ClInclude>
  </ItemGroup>
  <ItemGroup>
    <ClInclude Include="sources\PrintBillDlg.h">
      <Filter>Header Files\sources</Filter>
    </ClInclude>
  </ItemGroup>
  <ItemGroup>
    <ClInclude Include="sources\RegDlg.h">
      <Filter>Header Files\sources</Filter>
    </ClInclude>
  </ItemGroup>
  <ItemGroup>
    <ClInclude Include="sources\SearchClientDlg.h">
      <Filter>Header Files\sources</Filter>
    </ClInclude>
  </ItemGroup>
  <ItemGroup>
    <ClInclude Include="sources\SearchLogDlg.h">
      <Filter>Header Files\sources</Filter>
    </ClInclude>
  </ItemGroup>
  <ItemGroup>
    <ClInclude Include="sources\SelServerDlg.h">
      <Filter>Header Files\sources</Filter>
    </ClInclude>
  </ItemGroup>
  <ItemGroup>
    <ClInclude Include="sources\SelServiceDlg.h">
      <Filter>Header Files\sources</Filter>
    </ClInclude>
  </ItemGroup>
  <ItemGroup>
    <ClInclude Include="sources\SerialSet.h">
      <Filter>Header Files\sources</Filter>
    </ClInclude>
  </ItemGroup>
  <ItemGroup>
    <ClInclude Include="sources\Server.h">
      <Filter>Header Files\sources</Filter>
    </ClInclude>
  </ItemGroup>
  <ItemGroup>
    <ClInclude Include="sources\ServerConfigDlg.h">
      <Filter>Header Files\sources</Filter>
    </ClInclude>
  </ItemGroup>
  <ItemGroup>
    <ClInclude Include="sources\Service.h">
      <Filter>Header Files\sources</Filter>
    </ClInclude>
  </ItemGroup>
  <ItemGroup>
    <ClInclude Include="sources\ServiceConfigDlg.h">
      <Filter>Header Files\sources</Filter>
    </ClInclude>
  </ItemGroup>
  <ItemGroup>
    <ClInclude Include="sources\ServiceManager.h">
      <Filter>Header Files\sources</Filter>
    </ClInclude>
  </ItemGroup>
  <ItemGroup>
    <ClInclude Include="sources\ServiceManagerDoc.h">
      <Filter>Header Files\sources</Filter>
    </ClInclude>
  </ItemGroup>
  <ItemGroup>
    <ClInclude Include="sources\ServiceManagerView.h">
      <Filter>Header Files\sources</Filter>
    </ClInclude>
  </ItemGroup>
  <ItemGroup>
    <ClInclude Include="sources\Session.h">
      <Filter>Header Files\sources</Filter>
    </ClInclude>
  </ItemGroup>
  <ItemGroup>
    <ClInclude Include="sources\SessionDlg.h">
      <Filter>Header Files\sources</Filter>
    </ClInclude>
  </ItemGroup>
  <ItemGroup>
    <ClInclude Include="sources\StatusConst.h">
      <Filter>Header Files\sources</Filter>
    </ClInclude>
  </ItemGroup>
  <ItemGroup>
    <ClInclude Include="sources\StatusView.h">
      <Filter>Header Files\sources</Filter>
    </ClInclude>
  </ItemGroup>
  <ItemGroup>
    <ClInclude Include="sources\UserCountSet.h">
      <Filter>Header Files\sources</Filter>
    </ClInclude>
  </ItemGroup>
  <ItemGroup>
    <ClInclude Include="sources\UserDlg.h">
      <Filter>Header Files\sources</Filter>
    </ClInclude>
  </ItemGroup>
  <ItemGroup>
    <ClInclude Include="sources\UserManager.h">
      <Filter>Header Files\sources</Filter>
    </ClInclude>
  </ItemGroup>
  <ItemGroup>
    <ClInclude Include="sources\UserSet.h">
      <Filter>Header Files\sources</Filter>
    </ClInclude>
  </ItemGroup>
  <ItemGroup>
    <ClInclude Include="sources\VerSet.h">
      <Filter>Header Files\sources</Filter>
    </ClInclude>
  </ItemGroup>
  <ItemGroup>
    <ClInclude Include="sources\VersionDlg.h">
      <Filter>Header Files\sources</Filter>
    </ClInclude>
  </ItemGroup>
  <ItemGroup>
    <ClInclude Include="sources\ZipCompress.h">
      <Filter>Header Files\sources</Filter>
    </ClInclude>
  </ItemGroup>
  <ItemGroup>
    <ClInclude Include="sources\ZipFileViewDlg.h">
      <Filter>Header Files\sources</Filter>
    </ClInclude>
  </ItemGroup>
  <ItemGroup>
    <ClInclude Include="resource.h">
      <Filter>Header Files</Filter>
    </ClInclude>
  </ItemGroup>
  <ItemGroup>
    <CustomBuild Include="stdafx.h">
      <Filter>Header Files</Filter>
    </CustomBuild>
  </ItemGroup>
  <ItemGroup>
    <ClCompile Include="stdafx.h.cpp">
      <Filter>Generated Files</Filter>
    </ClCompile>
  </ItemGroup>
  <ItemGroup>
    <ResourceCompile Include="ServiceManager.rc" />
  </ItemGroup>
</Project>