<?xml version="1.0" encoding="utf-8"?>
<Project ToolsVersion="4.0" xmlns="http://schemas.microsoft.com/developer/msbuild/2003">
  <ItemGroup>
    <Filter Include="Source Files">
      <UniqueIdentifier>{52e9606e-0b9c-4b41-849b-1ec69307ffdb}</UniqueIdentifier>
      <Extensions>cpp;c;cxx;rc;def;r;odl;idl;hpj;bat</Extensions>
    </Filter>
    <Filter Include="Header Files">
      <UniqueIdentifier>{337cc030-d4f3-49da-9483-0b283ddd8c06}</UniqueIdentifier>
      <Extensions>h;hpp;hxx;hm;inl</Extensions>
    </Filter>
    <Filter Include="Resource Files">
      <UniqueIdentifier>{5fb47ebb-99ba-4788-b323-e0a5dc07b69a}</UniqueIdentifier>
      <Extensions>ico;cur;bmp;dlg;rc2;rct;bin;rgs;gif;jpg;jpeg;jpe</Extensions>
    </Filter>
  </ItemGroup>
  <ItemGroup>
    <ClCompile Include="Encode.cpp">
      <Filter>Source Files</Filter>
    </ClCompile>
    <ClCompile Include="ShootSunApi.cpp">
      <Filter>Source Files</Filter>
    </ClCompile>
  </ItemGroup>
  <ItemGroup>
    <ClInclude Include="Encode.h">
      <Filter>Header Files</Filter>
    </ClInclude>
    <ClInclude Include="ShootSunApi.h">
      <Filter>Header Files</Filter>
    </ClInclude>
  </ItemGroup>
</Project>