<?xml version="1.0" encoding="utf-8"?>
<Project ToolsVersion="4.0" xmlns="http://schemas.microsoft.com/developer/msbuild/2003">
  <ItemGroup>
    <Filter Include="Source Files">
      <UniqueIdentifier>{844ab390-b8be-4e00-ab82-c5c29a9a2234}</UniqueIdentifier>
      <Extensions>cpp;c;cxx;rc;def;r;odl;idl;hpj;bat</Extensions>
    </Filter>
    <Filter Include="Header Files">
      <UniqueIdentifier>{05c976f8-0530-4a9b-a3c8-adacdfd9e8dd}</UniqueIdentifier>
      <Extensions>h;hpp;hxx;hm;inl</Extensions>
    </Filter>
  </ItemGroup>
  <ItemGroup>
    <ClCompile Include="AutoBuffer.cpp">
      <Filter>Source Files</Filter>
    </ClCompile>
    <ClCompile Include="BigFile.cpp">
      <Filter>Source Files</Filter>
    </ClCompile>
    <ClCompile Include="CentralDir.cpp">
      <Filter>Source Files</Filter>
    </ClCompile>
    <ClCompile Include="FileHeader.cpp">
      <Filter>Source Files</Filter>
    </ClCompile>
    <ClCompile Include="StdAfx.cpp">
      <Filter>Source Files</Filter>
    </ClCompile>
    <ClCompile Include="ZipArchive.cpp">
      <Filter>Source Files</Filter>
    </ClCompile>
    <ClCompile Include="ZipException.cpp">
      <Filter>Source Files</Filter>
    </ClCompile>
    <ClCompile Include="ZipInternalInfo.cpp">
      <Filter>Source Files</Filter>
    </ClCompile>
    <ClCompile Include="ZipStorage.cpp">
      <Filter>Source Files</Filter>
    </ClCompile>
  </ItemGroup>
  <ItemGroup>
    <CustomBuild Include="Zip.htm" />
    <CustomBuild Include="zlib.lib" />
    <CustomBuild Include="Appnote.txt" />
    <CustomBuild Include="Readme.txt" />
    <CustomBuild Include="AutoBuffer.h">
      <Filter>Header Files</Filter>
    </CustomBuild>
    <CustomBuild Include="BigFile.h">
      <Filter>Header Files</Filter>
    </CustomBuild>
    <CustomBuild Include="CentralDir.h">
      <Filter>Header Files</Filter>
    </CustomBuild>
    <CustomBuild Include="FileHeader.h">
      <Filter>Header Files</Filter>
    </CustomBuild>
    <CustomBuild Include="StdAfx.h">
      <Filter>Header Files</Filter>
    </CustomBuild>
    <CustomBuild Include="ZipArchive.h">
      <Filter>Header Files</Filter>
    </CustomBuild>
    <CustomBuild Include="ZipException.h">
      <Filter>Header Files</Filter>
    </CustomBuild>
    <CustomBuild Include="ZipInternalInfo.h">
      <Filter>Header Files</Filter>
    </CustomBuild>
    <CustomBuild Include="ZipStorage.h">
      <Filter>Header Files</Filter>
    </CustomBuild>
  </ItemGroup>
</Project>